// !$*UTF8*$!
{
	archiveVersion = 1;
	classes = {
	};
	objectVersion = 46;
	objects = {

/* Begin PBXBuildFile section */
		2A23C03E1BD8C9A30002DE36 /* shetuanController.m in Sources */ = {isa = PBXBuildFile; fileRef = 2A23C03D1BD8C9A30002DE36 /* shetuanController.m */; };
		2A23C0461BD8D10F0002DE36 /* shetuan.plist in Resources */ = {isa = PBXBuildFile; fileRef = 2A23C0451BD8D10F0002DE36 /* shetuan.plist */; };
		2A342D551BE9D8FD00433800 /* weiboshouquanController.m in Sources */ = {isa = PBXBuildFile; fileRef = 2A342D541BE9D8FD00433800 /* weiboshouquanController.m */; };
		2A342D6C1BE9DC6B00433800 /* AFHTTPRequestOperation.m in Sources */ = {isa = PBXBuildFile; fileRef = 2A342D581BE9DC6B00433800 /* AFHTTPRequestOperation.m */; };
		2A342D6D1BE9DC6B00433800 /* AFHTTPRequestOperationManager.m in Sources */ = {isa = PBXBuildFile; fileRef = 2A342D5A1BE9DC6B00433800 /* AFHTTPRequestOperationManager.m */; };
		2A342D6E1BE9DC6B00433800 /* AFHTTPSessionManager.m in Sources */ = {isa = PBXBuildFile; fileRef = 2A342D5C1BE9DC6B00433800 /* AFHTTPSessionManager.m */; };
		2A342D6F1BE9DC6B00433800 /* AFNetworkReachabilityManager.m in Sources */ = {isa = PBXBuildFile; fileRef = 2A342D5F1BE9DC6B00433800 /* AFNetworkReachabilityManager.m */; };
		2A342D701BE9DC6B00433800 /* AFSecurityPolicy.m in Sources */ = {isa = PBXBuildFile; fileRef = 2A342D611BE9DC6B00433800 /* AFSecurityPolicy.m */; };
		2A342D711BE9DC6B00433800 /* AFURLConnectionOperation.m in Sources */ = {isa = PBXBuildFile; fileRef = 2A342D631BE9DC6B00433800 /* AFURLConnectionOperation.m */; };
		2A342D721BE9DC6B00433800 /* AFURLRequestSerialization.m in Sources */ = {isa = PBXBuildFile; fileRef = 2A342D651BE9DC6B00433800 /* AFURLRequestSerialization.m */; };
		2A342D731BE9DC6B00433800 /* AFURLResponseSerialization.m in Sources */ = {isa = PBXBuildFile; fileRef = 2A342D671BE9DC6B00433800 /* AFURLResponseSerialization.m */; };
		2A342D741BE9DC6B00433800 /* AFURLSessionManager.m in Sources */ = {isa = PBXBuildFile; fileRef = 2A342D691BE9DC6B00433800 /* AFURLSessionManager.m */; };
		2A342D751BE9DC6B00433800 /* CMainPageTabBarController.m in Sources */ = {isa = PBXBuildFile; fileRef = 2A342D6B1BE9DC6B00433800 /* CMainPageTabBarController.m */; };
		2A342D9D1BEB318500433800 /* weibocanshu.m in Sources */ = {isa = PBXBuildFile; fileRef = 2A342D9C1BEB318500433800 /* weibocanshu.m */; };
		2A342DAB1BEB32C300433800 /* WeiboSDK+CoreDataProperties.m in Sources */ = {isa = PBXBuildFile; fileRef = 2A342DA81BEB32C300433800 /* WeiboSDK+CoreDataProperties.m */; };
		2A342DAC1BEB32C300433800 /* WeiboSDK.m in Sources */ = {isa = PBXBuildFile; fileRef = 2A342DAA1BEB32C300433800 /* WeiboSDK.m */; };
		2A342DB21BEB3F6200433800 /* Weibouser.m in Sources */ = {isa = PBXBuildFile; fileRef = 2A342DB11BEB3F6200433800 /* Weibouser.m */; };
		2A342DB81BEDDC9900433800 /* mybutton.m in Sources */ = {isa = PBXBuildFile; fileRef = 2A342DB71BEDDC9900433800 /* mybutton.m */; };
		2A342DBD1BEDDF4200433800 /* Dongtaizan+CoreDataProperties.m in Sources */ = {isa = PBXBuildFile; fileRef = 2A342DBA1BEDDF4200433800 /* Dongtaizan+CoreDataProperties.m */; };
		2A342DBE1BEDDF4200433800 /* Dongtaizan.m in Sources */ = {isa = PBXBuildFile; fileRef = 2A342DBC1BEDDF4200433800 /* Dongtaizan.m */; };
		2A342E181BF336C400433800 /* bianjigerenzhiliaoController.m in Sources */ = {isa = PBXBuildFile; fileRef = 2A342E171BF336C400433800 /* bianjigerenzhiliaoController.m */; };
		2A6239591BD0AE2F00E8D1F8 /* Yidenglu+CoreDataProperties.m in Sources */ = {isa = PBXBuildFile; fileRef = 2A6239561BD0AE2F00E8D1F8 /* Yidenglu+CoreDataProperties.m */; };
		2A62395A1BD0AE2F00E8D1F8 /* Yidenglu.m in Sources */ = {isa = PBXBuildFile; fileRef = 2A6239581BD0AE2F00E8D1F8 /* Yidenglu.m */; };
		2A6C73F71BB047CB00D52FB2 /* NewFeatureController.xib in Resources */ = {isa = PBXBuildFile; fileRef = 2A6C73F61BB047CB00D52FB2 /* NewFeatureController.xib */; };
		2A6C73FA1BB1811B00D52FB2 /* InformationController.m in Sources */ = {isa = PBXBuildFile; fileRef = 2A6C73F91BB1811B00D52FB2 /* InformationController.m */; };
		2A6C73FD1BB1814600D52FB2 /* FriendController.m in Sources */ = {isa = PBXBuildFile; fileRef = 2A6C73FC1BB1814600D52FB2 /* FriendController.m */; };
		2A6C74001BB19EEE00D52FB2 /* luntanController.m in Sources */ = {isa = PBXBuildFile; fileRef = 2A6C73FF1BB19EEE00D52FB2 /* luntanController.m */; };
		2A6E504C1BA55D4800A39482 /* main.m in Sources */ = {isa = PBXBuildFile; fileRef = 2A6E504B1BA55D4800A39482 /* main.m */; };
		2A6E504F1BA55D4800A39482 /* AppDelegate.m in Sources */ = {isa = PBXBuildFile; fileRef = 2A6E504E1BA55D4800A39482 /* AppDelegate.m */; };
		2A6E50521BA55D4800A39482 /* ____1_2.xcdatamodeld in Sources */ = {isa = PBXBuildFile; fileRef = 2A6E50501BA55D4800A39482 /* ____1_2.xcdatamodeld */; };
		2A6E50581BA55D4800A39482 /* Main.storyboard in Resources */ = {isa = PBXBuildFile; fileRef = 2A6E50561BA55D4800A39482 /* Main.storyboard */; };
		2A6E505A1BA55D4800A39482 /* Images.xcassets in Resources */ = {isa = PBXBuildFile; fileRef = 2A6E50591BA55D4800A39482 /* Images.xcassets */; };
		2A6E505D1BA55D4800A39482 /* LaunchScreen.xib in Resources */ = {isa = PBXBuildFile; fileRef = 2A6E505B1BA55D4800A39482 /* LaunchScreen.xib */; };
		2A6E50691BA55D4800A39482 /* ____1_2Tests.m in Sources */ = {isa = PBXBuildFile; fileRef = 2A6E50681BA55D4800A39482 /* ____1_2Tests.m */; };
		2A6E507F1BA55F2400A39482 /* UIView+Extension.m in Sources */ = {isa = PBXBuildFile; fileRef = 2A6E507E1BA55F2400A39482 /* UIView+Extension.m */; };
		2A6E50911BA6FF5900A39482 /* LoginController.m in Sources */ = {isa = PBXBuildFile; fileRef = 2A6E508F1BA6FF5900A39482 /* LoginController.m */; };
		2A6E50951BA8629E00A39482 /* RegisterController.m in Sources */ = {isa = PBXBuildFile; fileRef = 2A6E50941BA8629E00A39482 /* RegisterController.m */; };
		2A78AA291C05925900BB1E24 /* Userzhanghu+CoreDataProperties.m in Sources */ = {isa = PBXBuildFile; fileRef = 2A78AA261C05925900BB1E24 /* Userzhanghu+CoreDataProperties.m */; };
		2A78AA2A1C05925900BB1E24 /* Userzhanghu.m in Sources */ = {isa = PBXBuildFile; fileRef = 2A78AA281C05925900BB1E24 /* Userzhanghu.m */; };
		2A78AA3F1C06AB7300BB1E24 /* Tiezis+CoreDataProperties.m in Sources */ = {isa = PBXBuildFile; fileRef = 2A78AA381C06AB7300BB1E24 /* Tiezis+CoreDataProperties.m */; };
		2A78AA401C06AB7300BB1E24 /* Tiezis.m in Sources */ = {isa = PBXBuildFile; fileRef = 2A78AA3A1C06AB7300BB1E24 /* Tiezis.m */; };
		2A78AA411C06AB7300BB1E24 /* Dongtai+CoreDataProperties.m in Sources */ = {isa = PBXBuildFile; fileRef = 2A78AA3C1C06AB7300BB1E24 /* Dongtai+CoreDataProperties.m */; };
		2A78AA421C06AB7300BB1E24 /* Dongtai.m in Sources */ = {isa = PBXBuildFile; fileRef = 2A78AA3E1C06AB7300BB1E24 /* Dongtai.m */; };
		2A9E9BBB1BDF6A940097EFCE /* TieziController.m in Sources */ = {isa = PBXBuildFile; fileRef = 2A9E9BBA1BDF6A940097EFCE /* TieziController.m */; };
		2A9E9BCA1BDF9A020097EFCE /* fatieViewController.m in Sources */ = {isa = PBXBuildFile; fileRef = 2A9E9BC91BDF9A020097EFCE /* fatieViewController.m */; };
		2A9E9BD31BDFA5A60097EFCE /* DandutieziController.m in Sources */ = {isa = PBXBuildFile; fileRef = 2A9E9BD21BDFA5A60097EFCE /* DandutieziController.m */; };
		2A9E9C571BE745180097EFCE /* fadongtaiController.m in Sources */ = {isa = PBXBuildFile; fileRef = 2A9E9C561BE745180097EFCE /* fadongtaiController.m */; };
		2AA5D9871C3D128800346E5A /* SaveCenterController.m in Sources */ = {isa = PBXBuildFile; fileRef = 2AA5D9861C3D128800346E5A /* SaveCenterController.m */; };
		2AA5D9A01C3E06BD00346E5A /* LCFont.m in Sources */ = {isa = PBXBuildFile; fileRef = 2AA5D99C1C3E06BD00346E5A /* LCFont.m */; };
		2AA5D9A11C3E06BD00346E5A /* UIUtil.m in Sources */ = {isa = PBXBuildFile; fileRef = 2AA5D99F1C3E06BD00346E5A /* UIUtil.m */; };
		2AA6A7D41C2A8E7A00A0DBBE /* EaseMob.bundle in Resources */ = {isa = PBXBuildFile; fileRef = 2AA6A7D21C2A8E7A00A0DBBE /* EaseMob.bundle */; };
		2AA6A7D61C2A8ECA00A0DBBE /* MobileCoreServices.framework in Frameworks */ = {isa = PBXBuildFile; fileRef = 2AA6A7D51C2A8ECA00A0DBBE /* MobileCoreServices.framework */; };
		2AA6A7D81C2A8ED300A0DBBE /* CFNetwork.framework in Frameworks */ = {isa = PBXBuildFile; fileRef = 2AA6A7D71C2A8ED300A0DBBE /* CFNetwork.framework */; };
		2AA6A7DA1C2A8EEB00A0DBBE /* libsqlite3.tbd in Frameworks */ = {isa = PBXBuildFile; fileRef = 2AA6A7D91C2A8EEB00A0DBBE /* libsqlite3.tbd */; };
		2AA6A7DC1C2A8EF400A0DBBE /* libstdc++.6.0.9.tbd in Frameworks */ = {isa = PBXBuildFile; fileRef = 2AA6A7DB1C2A8EF400A0DBBE /* libstdc++.6.0.9.tbd */; };
		2AA6A7DE1C2A8EFF00A0DBBE /* libz.tbd in Frameworks */ = {isa = PBXBuildFile; fileRef = 2AA6A7DD1C2A8EFF00A0DBBE /* libz.tbd */; };
		2AA6A7E01C2A8F0700A0DBBE /* libiconv.tbd in Frameworks */ = {isa = PBXBuildFile; fileRef = 2AA6A7DF1C2A8F0700A0DBBE /* libiconv.tbd */; };
		2AA6A7E21C2A8F1100A0DBBE /* libresolv.tbd in Frameworks */ = {isa = PBXBuildFile; fileRef = 2AA6A7E11C2A8F1100A0DBBE /* libresolv.tbd */; };
		2AA6A7E41C2A8F1800A0DBBE /* libxml2.tbd in Frameworks */ = {isa = PBXBuildFile; fileRef = 2AA6A7E31C2A8F1800A0DBBE /* libxml2.tbd */; };
		2AA6A7E61C2A90BB00A0DBBE /* libEaseMobClientSDKLite.a in Frameworks */ = {isa = PBXBuildFile; fileRef = 2AA6A7E51C2A90BB00A0DBBE /* libEaseMobClientSDKLite.a */; };
		2AB232301C082E7A001B4D59 /* xueYuan.plist in Resources */ = {isa = PBXBuildFile; fileRef = 2AB2322F1C082E7A001B4D59 /* xueYuan.plist */; };
		2AE065411BAAE77900F25453 /* NavigatationController.m in Sources */ = {isa = PBXBuildFile; fileRef = 2AE065401BAAE77900F25453 /* NavigatationController.m */; };
		2AE065591BAAED7200F25453 /* MainWorkController.m in Sources */ = {isa = PBXBuildFile; fileRef = 2AE065581BAAED7200F25453 /* MainWorkController.m */; };
		2AE065651BAAEE0000F25453 /* NewFeatureController.m in Sources */ = {isa = PBXBuildFile; fileRef = 2AE0655D1BAAEE0000F25453 /* NewFeatureController.m */; };
		2AE065691BAAEE9300F25453 /* MainController.m in Sources */ = {isa = PBXBuildFile; fileRef = 2AE065681BAAEE9300F25453 /* MainController.m */; };
/* End PBXBuildFile section */

/* Begin PBXContainerItemProxy section */
		2A6E50631BA55D4800A39482 /* PBXContainerItemProxy */ = {
			isa = PBXContainerItemProxy;
			containerPortal = 2A6E503E1BA55D4800A39482 /* Project object */;
			proxyType = 1;
			remoteGlobalIDString = 2A6E50451BA55D4800A39482;
			remoteInfo = "我的项目1.2";
		};
/* End PBXContainerItemProxy section */

/* Begin PBXFileReference section */
		2A23C03C1BD8C9A30002DE36 /* shetuanController.h */ = {isa = PBXFileReference; fileEncoding = 4; lastKnownFileType = sourcecode.c.h; name = shetuanController.h; path = controller/shetuanController.h; sourceTree = "<group>"; };
		2A23C03D1BD8C9A30002DE36 /* shetuanController.m */ = {isa = PBXFileReference; fileEncoding = 4; lastKnownFileType = sourcecode.c.objc; name = shetuanController.m; path = controller/shetuanController.m; sourceTree = "<group>"; };
		2A23C0451BD8D10F0002DE36 /* shetuan.plist */ = {isa = PBXFileReference; fileEncoding = 4; lastKnownFileType = text.plist.xml; path = shetuan.plist; sourceTree = "<group>"; };
		2A342D531BE9D8FD00433800 /* weiboshouquanController.h */ = {isa = PBXFileReference; fileEncoding = 4; lastKnownFileType = sourcecode.c.h; name = weiboshouquanController.h; path = controller/weiboshouquanController.h; sourceTree = "<group>"; };
		2A342D541BE9D8FD00433800 /* weiboshouquanController.m */ = {isa = PBXFileReference; fileEncoding = 4; lastKnownFileType = sourcecode.c.objc; name = weiboshouquanController.m; path = controller/weiboshouquanController.m; sourceTree = "<group>"; };
		2A342D571BE9DC6B00433800 /* AFHTTPRequestOperation.h */ = {isa = PBXFileReference; fileEncoding = 4; lastKnownFileType = sourcecode.c.h; path = AFHTTPRequestOperation.h; sourceTree = "<group>"; };
		2A342D581BE9DC6B00433800 /* AFHTTPRequestOperation.m */ = {isa = PBXFileReference; fileEncoding = 4; lastKnownFileType = sourcecode.c.objc; path = AFHTTPRequestOperation.m; sourceTree = "<group>"; };
		2A342D591BE9DC6B00433800 /* AFHTTPRequestOperationManager.h */ = {isa = PBXFileReference; fileEncoding = 4; lastKnownFileType = sourcecode.c.h; path = AFHTTPRequestOperationManager.h; sourceTree = "<group>"; };
		2A342D5A1BE9DC6B00433800 /* AFHTTPRequestOperationManager.m */ = {isa = PBXFileReference; fileEncoding = 4; lastKnownFileType = sourcecode.c.objc; path = AFHTTPRequestOperationManager.m; sourceTree = "<group>"; };
		2A342D5B1BE9DC6B00433800 /* AFHTTPSessionManager.h */ = {isa = PBXFileReference; fileEncoding = 4; lastKnownFileType = sourcecode.c.h; path = AFHTTPSessionManager.h; sourceTree = "<group>"; };
		2A342D5C1BE9DC6B00433800 /* AFHTTPSessionManager.m */ = {isa = PBXFileReference; fileEncoding = 4; lastKnownFileType = sourcecode.c.objc; path = AFHTTPSessionManager.m; sourceTree = "<group>"; };
		2A342D5D1BE9DC6B00433800 /* AFNetworking.h */ = {isa = PBXFileReference; fileEncoding = 4; lastKnownFileType = sourcecode.c.h; path = AFNetworking.h; sourceTree = "<group>"; };
		2A342D5E1BE9DC6B00433800 /* AFNetworkReachabilityManager.h */ = {isa = PBXFileReference; fileEncoding = 4; lastKnownFileType = sourcecode.c.h; path = AFNetworkReachabilityManager.h; sourceTree = "<group>"; };
		2A342D5F1BE9DC6B00433800 /* AFNetworkReachabilityManager.m */ = {isa = PBXFileReference; fileEncoding = 4; lastKnownFileType = sourcecode.c.objc; path = AFNetworkReachabilityManager.m; sourceTree = "<group>"; };
		2A342D601BE9DC6B00433800 /* AFSecurityPolicy.h */ = {isa = PBXFileReference; fileEncoding = 4; lastKnownFileType = sourcecode.c.h; path = AFSecurityPolicy.h; sourceTree = "<group>"; };
		2A342D611BE9DC6B00433800 /* AFSecurityPolicy.m */ = {isa = PBXFileReference; fileEncoding = 4; lastKnownFileType = sourcecode.c.objc; path = AFSecurityPolicy.m; sourceTree = "<group>"; };
		2A342D621BE9DC6B00433800 /* AFURLConnectionOperation.h */ = {isa = PBXFileReference; fileEncoding = 4; lastKnownFileType = sourcecode.c.h; path = AFURLConnectionOperation.h; sourceTree = "<group>"; };
		2A342D631BE9DC6B00433800 /* AFURLConnectionOperation.m */ = {isa = PBXFileReference; fileEncoding = 4; lastKnownFileType = sourcecode.c.objc; path = AFURLConnectionOperation.m; sourceTree = "<group>"; };
		2A342D641BE9DC6B00433800 /* AFURLRequestSerialization.h */ = {isa = PBXFileReference; fileEncoding = 4; lastKnownFileType = sourcecode.c.h; path = AFURLRequestSerialization.h; sourceTree = "<group>"; };
		2A342D651BE9DC6B00433800 /* AFURLRequestSerialization.m */ = {isa = PBXFileReference; fileEncoding = 4; lastKnownFileType = sourcecode.c.objc; path = AFURLRequestSerialization.m; sourceTree = "<group>"; };
		2A342D661BE9DC6B00433800 /* AFURLResponseSerialization.h */ = {isa = PBXFileReference; fileEncoding = 4; lastKnownFileType = sourcecode.c.h; path = AFURLResponseSerialization.h; sourceTree = "<group>"; };
		2A342D671BE9DC6B00433800 /* AFURLResponseSerialization.m */ = {isa = PBXFileReference; fileEncoding = 4; lastKnownFileType = sourcecode.c.objc; path = AFURLResponseSerialization.m; sourceTree = "<group>"; };
		2A342D681BE9DC6B00433800 /* AFURLSessionManager.h */ = {isa = PBXFileReference; fileEncoding = 4; lastKnownFileType = sourcecode.c.h; path = AFURLSessionManager.h; sourceTree = "<group>"; };
		2A342D691BE9DC6B00433800 /* AFURLSessionManager.m */ = {isa = PBXFileReference; fileEncoding = 4; lastKnownFileType = sourcecode.c.objc; path = AFURLSessionManager.m; sourceTree = "<group>"; };
		2A342D6A1BE9DC6B00433800 /* CMainPageTabBarController.h */ = {isa = PBXFileReference; fileEncoding = 4; lastKnownFileType = sourcecode.c.h; path = CMainPageTabBarController.h; sourceTree = "<group>"; };
		2A342D6B1BE9DC6B00433800 /* CMainPageTabBarController.m */ = {isa = PBXFileReference; fileEncoding = 4; lastKnownFileType = sourcecode.c.objc; path = CMainPageTabBarController.m; sourceTree = "<group>"; };
		2A342D9B1BEB318500433800 /* weibocanshu.h */ = {isa = PBXFileReference; fileEncoding = 4; lastKnownFileType = sourcecode.c.h; name = weibocanshu.h; path = model/weibocanshu.h; sourceTree = "<group>"; };
		2A342D9C1BEB318500433800 /* weibocanshu.m */ = {isa = PBXFileReference; fileEncoding = 4; lastKnownFileType = sourcecode.c.objc; name = weibocanshu.m; path = model/weibocanshu.m; sourceTree = "<group>"; };
		2A342DA71BEB32C300433800 /* WeiboSDK+CoreDataProperties.h */ = {isa = PBXFileReference; fileEncoding = 4; lastKnownFileType = sourcecode.c.h; name = "WeiboSDK+CoreDataProperties.h"; path = "../WeiboSDK+CoreDataProperties.h"; sourceTree = "<group>"; };
		2A342DA81BEB32C300433800 /* WeiboSDK+CoreDataProperties.m */ = {isa = PBXFileReference; fileEncoding = 4; lastKnownFileType = sourcecode.c.objc; name = "WeiboSDK+CoreDataProperties.m"; path = "../WeiboSDK+CoreDataProperties.m"; sourceTree = "<group>"; };
		2A342DA91BEB32C300433800 /* WeiboSDK.h */ = {isa = PBXFileReference; fileEncoding = 4; lastKnownFileType = sourcecode.c.h; name = WeiboSDK.h; path = ../WeiboSDK.h; sourceTree = "<group>"; };
		2A342DAA1BEB32C300433800 /* WeiboSDK.m */ = {isa = PBXFileReference; fileEncoding = 4; lastKnownFileType = sourcecode.c.objc; name = WeiboSDK.m; path = ../WeiboSDK.m; sourceTree = "<group>"; };
		2A342DB01BEB3F6200433800 /* Weibouser.h */ = {isa = PBXFileReference; fileEncoding = 4; lastKnownFileType = sourcecode.c.h; name = Weibouser.h; path = model/Weibouser.h; sourceTree = "<group>"; };
		2A342DB11BEB3F6200433800 /* Weibouser.m */ = {isa = PBXFileReference; fileEncoding = 4; lastKnownFileType = sourcecode.c.objc; name = Weibouser.m; path = model/Weibouser.m; sourceTree = "<group>"; };
		2A342DB61BEDDC9900433800 /* mybutton.h */ = {isa = PBXFileReference; fileEncoding = 4; lastKnownFileType = sourcecode.c.h; path = mybutton.h; sourceTree = "<group>"; };
		2A342DB71BEDDC9900433800 /* mybutton.m */ = {isa = PBXFileReference; fileEncoding = 4; lastKnownFileType = sourcecode.c.objc; path = mybutton.m; sourceTree = "<group>"; };
		2A342DB91BEDDF4200433800 /* Dongtaizan+CoreDataProperties.h */ = {isa = PBXFileReference; fileEncoding = 4; lastKnownFileType = sourcecode.c.h; path = "Dongtaizan+CoreDataProperties.h"; sourceTree = "<group>"; };
		2A342DBA1BEDDF4200433800 /* Dongtaizan+CoreDataProperties.m */ = {isa = PBXFileReference; fileEncoding = 4; lastKnownFileType = sourcecode.c.objc; path = "Dongtaizan+CoreDataProperties.m"; sourceTree = "<group>"; };
		2A342DBB1BEDDF4200433800 /* Dongtaizan.h */ = {isa = PBXFileReference; fileEncoding = 4; lastKnownFileType = sourcecode.c.h; path = Dongtaizan.h; sourceTree = "<group>"; };
		2A342DBC1BEDDF4200433800 /* Dongtaizan.m */ = {isa = PBXFileReference; fileEncoding = 4; lastKnownFileType = sourcecode.c.objc; path = Dongtaizan.m; sourceTree = "<group>"; };
		2A342E161BF336C400433800 /* bianjigerenzhiliaoController.h */ = {isa = PBXFileReference; fileEncoding = 4; lastKnownFileType = sourcecode.c.h; path = bianjigerenzhiliaoController.h; sourceTree = "<group>"; };
		2A342E171BF336C400433800 /* bianjigerenzhiliaoController.m */ = {isa = PBXFileReference; fileEncoding = 4; lastKnownFileType = sourcecode.c.objc; path = bianjigerenzhiliaoController.m; sourceTree = "<group>"; };
		2A6239551BD0AE2F00E8D1F8 /* Yidenglu+CoreDataProperties.h */ = {isa = PBXFileReference; fileEncoding = 4; lastKnownFileType = sourcecode.c.h; name = "Yidenglu+CoreDataProperties.h"; path = "main(主界面)/model/Yidenglu+CoreDataProperties.h"; sourceTree = "<group>"; };
		2A6239561BD0AE2F00E8D1F8 /* Yidenglu+CoreDataProperties.m */ = {isa = PBXFileReference; fileEncoding = 4; lastKnownFileType = sourcecode.c.objc; name = "Yidenglu+CoreDataProperties.m"; path = "main(主界面)/model/Yidenglu+CoreDataProperties.m"; sourceTree = "<group>"; };
		2A6239571BD0AE2F00E8D1F8 /* Yidenglu.h */ = {isa = PBXFileReference; fileEncoding = 4; lastKnownFileType = sourcecode.c.h; name = Yidenglu.h; path = "main(主界面)/model/Yidenglu.h"; sourceTree = "<group>"; };
		2A6239581BD0AE2F00E8D1F8 /* Yidenglu.m */ = {isa = PBXFileReference; fileEncoding = 4; lastKnownFileType = sourcecode.c.objc; name = Yidenglu.m; path = "main(主界面)/model/Yidenglu.m"; sourceTree = "<group>"; };
		2A6C73F61BB047CB00D52FB2 /* NewFeatureController.xib */ = {isa = PBXFileReference; fileEncoding = 4; lastKnownFileType = file.xib; path = NewFeatureController.xib; sourceTree = "<group>"; };
		2A6C73F81BB1811B00D52FB2 /* InformationController.h */ = {isa = PBXFileReference; fileEncoding = 4; lastKnownFileType = sourcecode.c.h; path = InformationController.h; sourceTree = "<group>"; };
		2A6C73F91BB1811B00D52FB2 /* InformationController.m */ = {isa = PBXFileReference; fileEncoding = 4; lastKnownFileType = sourcecode.c.objc; path = InformationController.m; sourceTree = "<group>"; };
		2A6C73FB1BB1814600D52FB2 /* FriendController.h */ = {isa = PBXFileReference; fileEncoding = 4; lastKnownFileType = sourcecode.c.h; path = FriendController.h; sourceTree = "<group>"; };
		2A6C73FC1BB1814600D52FB2 /* FriendController.m */ = {isa = PBXFileReference; fileEncoding = 4; lastKnownFileType = sourcecode.c.objc; path = FriendController.m; sourceTree = "<group>"; };
		2A6C73FE1BB19EEE00D52FB2 /* luntanController.h */ = {isa = PBXFileReference; fileEncoding = 4; lastKnownFileType = sourcecode.c.h; path = luntanController.h; sourceTree = "<group>"; };
		2A6C73FF1BB19EEE00D52FB2 /* luntanController.m */ = {isa = PBXFileReference; fileEncoding = 4; lastKnownFileType = sourcecode.c.objc; path = luntanController.m; sourceTree = "<group>"; };
		2A6E50461BA55D4800A39482 /* 我的项目1.2.app */ = {isa = PBXFileReference; explicitFileType = wrapper.application; includeInIndex = 0; path = "我的项目1.2.app"; sourceTree = BUILT_PRODUCTS_DIR; };
		2A6E504A1BA55D4800A39482 /* Info.plist */ = {isa = PBXFileReference; lastKnownFileType = text.plist.xml; path = Info.plist; sourceTree = "<group>"; };
		2A6E504B1BA55D4800A39482 /* main.m */ = {isa = PBXFileReference; lastKnownFileType = sourcecode.c.objc; path = main.m; sourceTree = "<group>"; };
		2A6E504D1BA55D4800A39482 /* AppDelegate.h */ = {isa = PBXFileReference; lastKnownFileType = sourcecode.c.h; name = AppDelegate.h; path = ../../AppDelegate.h; sourceTree = "<group>"; };
		2A6E504E1BA55D4800A39482 /* AppDelegate.m */ = {isa = PBXFileReference; lastKnownFileType = sourcecode.c.objc; name = AppDelegate.m; path = ../../AppDelegate.m; sourceTree = "<group>"; };
		2A6E50511BA55D4800A39482 /* ____1_2.xcdatamodel */ = {isa = PBXFileReference; lastKnownFileType = wrapper.xcdatamodel; path = "____1_2.xcdatamodel"; sourceTree = "<group>"; };
		2A6E50571BA55D4800A39482 /* Base */ = {isa = PBXFileReference; lastKnownFileType = file.storyboard; name = Base; path = Base.lproj/Main.storyboard; sourceTree = "<group>"; };
		2A6E50591BA55D4800A39482 /* Images.xcassets */ = {isa = PBXFileReference; lastKnownFileType = folder.assetcatalog; path = Images.xcassets; sourceTree = "<group>"; };
		2A6E505C1BA55D4800A39482 /* Base */ = {isa = PBXFileReference; lastKnownFileType = file.xib; name = Base; path = Base.lproj/LaunchScreen.xib; sourceTree = "<group>"; };
		2A6E50621BA55D4800A39482 /* 我的项目1.2Tests.xctest */ = {isa = PBXFileReference; explicitFileType = wrapper.cfbundle; includeInIndex = 0; path = "我的项目1.2Tests.xctest"; sourceTree = BUILT_PRODUCTS_DIR; };
		2A6E50671BA55D4800A39482 /* Info.plist */ = {isa = PBXFileReference; lastKnownFileType = text.plist.xml; path = Info.plist; sourceTree = "<group>"; };
		2A6E50681BA55D4800A39482 /* ____1_2Tests.m */ = {isa = PBXFileReference; lastKnownFileType = sourcecode.c.objc; path = "____1_2Tests.m"; sourceTree = "<group>"; };
		2A6E507D1BA55F2400A39482 /* UIView+Extension.h */ = {isa = PBXFileReference; fileEncoding = 4; lastKnownFileType = sourcecode.c.h; path = "UIView+Extension.h"; sourceTree = "<group>"; };
		2A6E507E1BA55F2400A39482 /* UIView+Extension.m */ = {isa = PBXFileReference; fileEncoding = 4; lastKnownFileType = sourcecode.c.objc; path = "UIView+Extension.m"; sourceTree = "<group>"; };
		2A6E508E1BA6FF5900A39482 /* LoginController.h */ = {isa = PBXFileReference; fileEncoding = 4; lastKnownFileType = sourcecode.c.h; name = LoginController.h; path = "main(主界面)/controller/LoginController.h"; sourceTree = "<group>"; };
		2A6E508F1BA6FF5900A39482 /* LoginController.m */ = {isa = PBXFileReference; fileEncoding = 4; lastKnownFileType = sourcecode.c.objc; name = LoginController.m; path = "main(主界面)/controller/LoginController.m"; sourceTree = "<group>"; };
		2A6E50931BA8629E00A39482 /* RegisterController.h */ = {isa = PBXFileReference; fileEncoding = 4; lastKnownFileType = sourcecode.c.h; name = RegisterController.h; path = "main(主界面)/controller/RegisterController.h"; sourceTree = "<group>"; };
		2A6E50941BA8629E00A39482 /* RegisterController.m */ = {isa = PBXFileReference; fileEncoding = 4; lastKnownFileType = sourcecode.c.objc; name = RegisterController.m; path = "main(主界面)/controller/RegisterController.m"; sourceTree = "<group>"; };
		2A78AA251C05925900BB1E24 /* Userzhanghu+CoreDataProperties.h */ = {isa = PBXFileReference; fileEncoding = 4; lastKnownFileType = sourcecode.c.h; name = "Userzhanghu+CoreDataProperties.h"; path = "main(主界面)/model/Userzhanghu+CoreDataProperties.h"; sourceTree = "<group>"; };
		2A78AA261C05925900BB1E24 /* Userzhanghu+CoreDataProperties.m */ = {isa = PBXFileReference; fileEncoding = 4; lastKnownFileType = sourcecode.c.objc; name = "Userzhanghu+CoreDataProperties.m"; path = "main(主界面)/model/Userzhanghu+CoreDataProperties.m"; sourceTree = "<group>"; };
		2A78AA271C05925900BB1E24 /* Userzhanghu.h */ = {isa = PBXFileReference; fileEncoding = 4; lastKnownFileType = sourcecode.c.h; name = Userzhanghu.h; path = "main(主界面)/model/Userzhanghu.h"; sourceTree = "<group>"; };
		2A78AA281C05925900BB1E24 /* Userzhanghu.m */ = {isa = PBXFileReference; fileEncoding = 4; lastKnownFileType = sourcecode.c.objc; name = Userzhanghu.m; path = "main(主界面)/model/Userzhanghu.m"; sourceTree = "<group>"; };
		2A78AA371C06AB7300BB1E24 /* Tiezis+CoreDataProperties.h */ = {isa = PBXFileReference; fileEncoding = 4; lastKnownFileType = sourcecode.c.h; name = "Tiezis+CoreDataProperties.h"; path = "../Tiezis+CoreDataProperties.h"; sourceTree = "<group>"; };
		2A78AA381C06AB7300BB1E24 /* Tiezis+CoreDataProperties.m */ = {isa = PBXFileReference; fileEncoding = 4; lastKnownFileType = sourcecode.c.objc; name = "Tiezis+CoreDataProperties.m"; path = "../Tiezis+CoreDataProperties.m"; sourceTree = "<group>"; };
		2A78AA391C06AB7300BB1E24 /* Tiezis.h */ = {isa = PBXFileReference; fileEncoding = 4; lastKnownFileType = sourcecode.c.h; name = Tiezis.h; path = ../Tiezis.h; sourceTree = "<group>"; };
		2A78AA3A1C06AB7300BB1E24 /* Tiezis.m */ = {isa = PBXFileReference; fileEncoding = 4; lastKnownFileType = sourcecode.c.objc; name = Tiezis.m; path = ../Tiezis.m; sourceTree = "<group>"; };
		2A78AA3B1C06AB7300BB1E24 /* Dongtai+CoreDataProperties.h */ = {isa = PBXFileReference; fileEncoding = 4; lastKnownFileType = sourcecode.c.h; name = "Dongtai+CoreDataProperties.h"; path = "../Dongtai+CoreDataProperties.h"; sourceTree = "<group>"; };
		2A78AA3C1C06AB7300BB1E24 /* Dongtai+CoreDataProperties.m */ = {isa = PBXFileReference; fileEncoding = 4; lastKnownFileType = sourcecode.c.objc; name = "Dongtai+CoreDataProperties.m"; path = "../Dongtai+CoreDataProperties.m"; sourceTree = "<group>"; };
		2A78AA3D1C06AB7300BB1E24 /* Dongtai.h */ = {isa = PBXFileReference; fileEncoding = 4; lastKnownFileType = sourcecode.c.h; name = Dongtai.h; path = ../Dongtai.h; sourceTree = "<group>"; };
		2A78AA3E1C06AB7300BB1E24 /* Dongtai.m */ = {isa = PBXFileReference; fileEncoding = 4; lastKnownFileType = sourcecode.c.objc; name = Dongtai.m; path = ../Dongtai.m; sourceTree = "<group>"; };
		2A9E9BB91BDF6A940097EFCE /* TieziController.h */ = {isa = PBXFileReference; fileEncoding = 4; lastKnownFileType = sourcecode.c.h; name = TieziController.h; path = controller/TieziController.h; sourceTree = "<group>"; };
		2A9E9BBA1BDF6A940097EFCE /* TieziController.m */ = {isa = PBXFileReference; fileEncoding = 4; lastKnownFileType = sourcecode.c.objc; name = TieziController.m; path = controller/TieziController.m; sourceTree = "<group>"; };
		2A9E9BC81BDF9A020097EFCE /* fatieViewController.h */ = {isa = PBXFileReference; fileEncoding = 4; lastKnownFileType = sourcecode.c.h; name = fatieViewController.h; path = controller/fatieViewController.h; sourceTree = "<group>"; };
		2A9E9BC91BDF9A020097EFCE /* fatieViewController.m */ = {isa = PBXFileReference; fileEncoding = 4; lastKnownFileType = sourcecode.c.objc; name = fatieViewController.m; path = controller/fatieViewController.m; sourceTree = "<group>"; };
		2A9E9BD11BDFA5A60097EFCE /* DandutieziController.h */ = {isa = PBXFileReference; fileEncoding = 4; lastKnownFileType = sourcecode.c.h; name = DandutieziController.h; path = controller/DandutieziController.h; sourceTree = "<group>"; };
		2A9E9BD21BDFA5A60097EFCE /* DandutieziController.m */ = {isa = PBXFileReference; fileEncoding = 4; lastKnownFileType = sourcecode.c.objc; name = DandutieziController.m; path = controller/DandutieziController.m; sourceTree = "<group>"; };
		2A9E9C551BE745180097EFCE /* fadongtaiController.h */ = {isa = PBXFileReference; fileEncoding = 4; lastKnownFileType = sourcecode.c.h; path = fadongtaiController.h; sourceTree = "<group>"; };
		2A9E9C561BE745180097EFCE /* fadongtaiController.m */ = {isa = PBXFileReference; fileEncoding = 4; lastKnownFileType = sourcecode.c.objc; path = fadongtaiController.m; sourceTree = "<group>"; };
		2AA5D9851C3D128800346E5A /* SaveCenterController.h */ = {isa = PBXFileReference; fileEncoding = 4; lastKnownFileType = sourcecode.c.h; path = SaveCenterController.h; sourceTree = "<group>"; };
		2AA5D9861C3D128800346E5A /* SaveCenterController.m */ = {isa = PBXFileReference; fileEncoding = 4; lastKnownFileType = sourcecode.c.objc; path = SaveCenterController.m; sourceTree = "<group>"; };
		2AA5D99B1C3E06BD00346E5A /* LCFont.h */ = {isa = PBXFileReference; fileEncoding = 4; lastKnownFileType = sourcecode.c.h; path = LCFont.h; sourceTree = "<group>"; };
		2AA5D99C1C3E06BD00346E5A /* LCFont.m */ = {isa = PBXFileReference; fileEncoding = 4; lastKnownFileType = sourcecode.c.objc; path = LCFont.m; sourceTree = "<group>"; };
		2AA5D99E1C3E06BD00346E5A /* UIUtil.h */ = {isa = PBXFileReference; fileEncoding = 4; lastKnownFileType = sourcecode.c.h; path = UIUtil.h; sourceTree = "<group>"; };
		2AA5D99F1C3E06BD00346E5A /* UIUtil.m */ = {isa = PBXFileReference; fileEncoding = 4; lastKnownFileType = sourcecode.c.objc; path = UIUtil.m; sourceTree = "<group>"; };
		2AA5D9A21C3E072200346E5A /* PrefixHeader.pch */ = {isa = PBXFileReference; lastKnownFileType = sourcecode.c.h; path = PrefixHeader.pch; sourceTree = "<group>"; };
		2AA6A76B1C2A8E7A00A0DBBE /* EMCallManagerCallDelegate.h */ = {isa = PBXFileReference; fileEncoding = 4; lastKnownFileType = sourcecode.c.h; path = EMCallManagerCallDelegate.h; sourceTree = "<group>"; };
		2AA6A76C1C2A8E7A00A0DBBE /* EMCallManagerDelegate.h */ = {isa = PBXFileReference; fileEncoding = 4; lastKnownFileType = sourcecode.c.h; path = EMCallManagerDelegate.h; sourceTree = "<group>"; };
		2AA6A76D1C2A8E7A00A0DBBE /* EaseMob+CallService.h */ = {isa = PBXFileReference; fileEncoding = 4; lastKnownFileType = sourcecode.c.h; path = "EaseMob+CallService.h"; sourceTree = "<group>"; };
		2AA6A76E1C2A8E7A00A0DBBE /* EMCallServiceDefs.h */ = {isa = PBXFileReference; fileEncoding = 4; lastKnownFileType = sourcecode.c.h; path = EMCallServiceDefs.h; sourceTree = "<group>"; };
		2AA6A76F1C2A8E7A00A0DBBE /* ICallManager.h */ = {isa = PBXFileReference; fileEncoding = 4; lastKnownFileType = sourcecode.c.h; path = ICallManager.h; sourceTree = "<group>"; };
		2AA6A7711C2A8E7A00A0DBBE /* ICallManagerBase.h */ = {isa = PBXFileReference; fileEncoding = 4; lastKnownFileType = sourcecode.c.h; path = ICallManagerBase.h; sourceTree = "<group>"; };
		2AA6A7721C2A8E7A00A0DBBE /* ICallManagerCall.h */ = {isa = PBXFileReference; fileEncoding = 4; lastKnownFileType = sourcecode.c.h; path = ICallManagerCall.h; sourceTree = "<group>"; };
		2AA6A7741C2A8E7A00A0DBBE /* EMCallSession.h */ = {isa = PBXFileReference; fileEncoding = 4; lastKnownFileType = sourcecode.c.h; path = EMCallSession.h; sourceTree = "<group>"; };
		2AA6A7751C2A8E7A00A0DBBE /* IOpenGLView.h */ = {isa = PBXFileReference; fileEncoding = 4; lastKnownFileType = sourcecode.c.h; path = IOpenGLView.h; sourceTree = "<group>"; };
		2AA6A7761C2A8E7A00A0DBBE /* OpenGLView20.h */ = {isa = PBXFileReference; fileEncoding = 4; lastKnownFileType = sourcecode.c.h; path = OpenGLView20.h; sourceTree = "<group>"; };
		2AA6A77A1C2A8E7A00A0DBBE /* IChatManagerDelegate.h */ = {isa = PBXFileReference; fileEncoding = 4; lastKnownFileType = sourcecode.c.h; path = IChatManagerDelegate.h; sourceTree = "<group>"; };
		2AA6A77C1C2A8E7A00A0DBBE /* EMChatManagerBuddyDelegate.h */ = {isa = PBXFileReference; fileEncoding = 4; lastKnownFileType = sourcecode.c.h; path = EMChatManagerBuddyDelegate.h; sourceTree = "<group>"; };
		2AA6A77D1C2A8E7A00A0DBBE /* EMChatManagerChatDelegate.h */ = {isa = PBXFileReference; fileEncoding = 4; lastKnownFileType = sourcecode.c.h; path = EMChatManagerChatDelegate.h; sourceTree = "<group>"; };
		2AA6A77E1C2A8E7A00A0DBBE /* EMChatManagerChatroomDelegate.h */ = {isa = PBXFileReference; fileEncoding = 4; lastKnownFileType = sourcecode.c.h; path = EMChatManagerChatroomDelegate.h; sourceTree = "<group>"; };
		2AA6A77F1C2A8E7A00A0DBBE /* EMChatManagerDelegate.h */ = {isa = PBXFileReference; fileEncoding = 4; lastKnownFileType = sourcecode.c.h; path = EMChatManagerDelegate.h; sourceTree = "<group>"; };
		2AA6A7801C2A8E7A00A0DBBE /* EMChatManagerDelegateBase.h */ = {isa = PBXFileReference; fileEncoding = 4; lastKnownFileType = sourcecode.c.h; path = EMChatManagerDelegateBase.h; sourceTree = "<group>"; };
		2AA6A7811C2A8E7A00A0DBBE /* EMChatManagerEncryptionDelegate.h */ = {isa = PBXFileReference; fileEncoding = 4; lastKnownFileType = sourcecode.c.h; path = EMChatManagerEncryptionDelegate.h; sourceTree = "<group>"; };
		2AA6A7821C2A8E7A00A0DBBE /* EMChatManagerGroupDelegate.h */ = {isa = PBXFileReference; fileEncoding = 4; lastKnownFileType = sourcecode.c.h; path = EMChatManagerGroupDelegate.h; sourceTree = "<group>"; };
		2AA6A7831C2A8E7A00A0DBBE /* EMChatManagerLoginDelegate.h */ = {isa = PBXFileReference; fileEncoding = 4; lastKnownFileType = sourcecode.c.h; path = EMChatManagerLoginDelegate.h; sourceTree = "<group>"; };
		2AA6A7841C2A8E7A00A0DBBE /* EMChatManagerPushNotificationDelegate.h */ = {isa = PBXFileReference; fileEncoding = 4; lastKnownFileType = sourcecode.c.h; path = EMChatManagerPushNotificationDelegate.h; sourceTree = "<group>"; };
		2AA6A7851C2A8E7A00A0DBBE /* EMChatManagerUtilDelegate.h */ = {isa = PBXFileReference; fileEncoding = 4; lastKnownFileType = sourcecode.c.h; path = EMChatManagerUtilDelegate.h; sourceTree = "<group>"; };
		2AA6A7861C2A8E7A00A0DBBE /* EMChatManagerDefs.h */ = {isa = PBXFileReference; fileEncoding = 4; lastKnownFileType = sourcecode.c.h; path = EMChatManagerDefs.h; sourceTree = "<group>"; };
		2AA6A7871C2A8E7A00A0DBBE /* EMGroupManagerDefs.h */ = {isa = PBXFileReference; fileEncoding = 4; lastKnownFileType = sourcecode.c.h; path = EMGroupManagerDefs.h; sourceTree = "<group>"; };
		2AA6A7881C2A8E7A00A0DBBE /* EMPushManagerDefs.h */ = {isa = PBXFileReference; fileEncoding = 4; lastKnownFileType = sourcecode.c.h; path = EMPushManagerDefs.h; sourceTree = "<group>"; };
		2AA6A7891C2A8E7A00A0DBBE /* IChatManager.h */ = {isa = PBXFileReference; fileEncoding = 4; lastKnownFileType = sourcecode.c.h; path = IChatManager.h; sourceTree = "<group>"; };
		2AA6A78B1C2A8E7A00A0DBBE /* IChatManagerBase.h */ = {isa = PBXFileReference; fileEncoding = 4; lastKnownFileType = sourcecode.c.h; path = IChatManagerBase.h; sourceTree = "<group>"; };
		2AA6A78C1C2A8E7A00A0DBBE /* IChatManagerBuddy.h */ = {isa = PBXFileReference; fileEncoding = 4; lastKnownFileType = sourcecode.c.h; path = IChatManagerBuddy.h; sourceTree = "<group>"; };
		2AA6A78D1C2A8E7A00A0DBBE /* IChatManagerChat.h */ = {isa = PBXFileReference; fileEncoding = 4; lastKnownFileType = sourcecode.c.h; path = IChatManagerChat.h; sourceTree = "<group>"; };
		2AA6A78E1C2A8E7A00A0DBBE /* IChatManagerChatroom.h */ = {isa = PBXFileReference; fileEncoding = 4; lastKnownFileType = sourcecode.c.h; path = IChatManagerChatroom.h; sourceTree = "<group>"; };
		2AA6A78F1C2A8E7A00A0DBBE /* IChatManagerConversation.h */ = {isa = PBXFileReference; fileEncoding = 4; lastKnownFileType = sourcecode.c.h; path = IChatManagerConversation.h; sourceTree = "<group>"; };
		2AA6A7901C2A8E7A00A0DBBE /* IChatManagerEncryption.h */ = {isa = PBXFileReference; fileEncoding = 4; lastKnownFileType = sourcecode.c.h; path = IChatManagerEncryption.h; sourceTree = "<group>"; };
		2AA6A7911C2A8E7A00A0DBBE /* IChatManagerGroup.h */ = {isa = PBXFileReference; fileEncoding = 4; lastKnownFileType = sourcecode.c.h; path = IChatManagerGroup.h; sourceTree = "<group>"; };
		2AA6A7921C2A8E7A00A0DBBE /* IChatManagerLogin.h */ = {isa = PBXFileReference; fileEncoding = 4; lastKnownFileType = sourcecode.c.h; path = IChatManagerLogin.h; sourceTree = "<group>"; };
		2AA6A7931C2A8E7A00A0DBBE /* IChatManagerPushNotification.h */ = {isa = PBXFileReference; fileEncoding = 4; lastKnownFileType = sourcecode.c.h; path = IChatManagerPushNotification.h; sourceTree = "<group>"; };
		2AA6A7941C2A8E7A00A0DBBE /* IChatManagerRobot.h */ = {isa = PBXFileReference; fileEncoding = 4; lastKnownFileType = sourcecode.c.h; path = IChatManagerRobot.h; sourceTree = "<group>"; };
		2AA6A7951C2A8E7A00A0DBBE /* IChatManagerSettingOptions.h */ = {isa = PBXFileReference; fileEncoding = 4; lastKnownFileType = sourcecode.c.h; path = IChatManagerSettingOptions.h; sourceTree = "<group>"; };
		2AA6A7961C2A8E7A00A0DBBE /* IChatManagerUtil.h */ = {isa = PBXFileReference; fileEncoding = 4; lastKnownFileType = sourcecode.c.h; path = IChatManagerUtil.h; sourceTree = "<group>"; };
		2AA6A7981C2A8E7A00A0DBBE /* EMBuddy.h */ = {isa = PBXFileReference; fileEncoding = 4; lastKnownFileType = sourcecode.c.h; path = EMBuddy.h; sourceTree = "<group>"; };
		2AA6A7991C2A8E7A00A0DBBE /* EMChatCommand.h */ = {isa = PBXFileReference; fileEncoding = 4; lastKnownFileType = sourcecode.c.h; path = EMChatCommand.h; sourceTree = "<group>"; };
		2AA6A79A1C2A8E7A00A0DBBE /* EMChatFile.h */ = {isa = PBXFileReference; fileEncoding = 4; lastKnownFileType = sourcecode.c.h; path = EMChatFile.h; sourceTree = "<group>"; };
		2AA6A79B1C2A8E7A00A0DBBE /* EMChatImage.h */ = {isa = PBXFileReference; fileEncoding = 4; lastKnownFileType = sourcecode.c.h; path = EMChatImage.h; sourceTree = "<group>"; };
		2AA6A79C1C2A8E7A00A0DBBE /* EMChatLocation.h */ = {isa = PBXFileReference; fileEncoding = 4; lastKnownFileType = sourcecode.c.h; path = EMChatLocation.h; sourceTree = "<group>"; };
		2AA6A79D1C2A8E7A00A0DBBE /* EMChatroom.h */ = {isa = PBXFileReference; fileEncoding = 4; lastKnownFileType = sourcecode.c.h; path = EMChatroom.h; sourceTree = "<group>"; };
		2AA6A79E1C2A8E7A00A0DBBE /* EMChatText.h */ = {isa = PBXFileReference; fileEncoding = 4; lastKnownFileType = sourcecode.c.h; path = EMChatText.h; sourceTree = "<group>"; };
		2AA6A79F1C2A8E7A00A0DBBE /* EMChatVideo.h */ = {isa = PBXFileReference; fileEncoding = 4; lastKnownFileType = sourcecode.c.h; path = EMChatVideo.h; sourceTree = "<group>"; };
		2AA6A7A01C2A8E7A00A0DBBE /* EMChatVoice.h */ = {isa = PBXFileReference; fileEncoding = 4; lastKnownFileType = sourcecode.c.h; path = EMChatVoice.h; sourceTree = "<group>"; };
		2AA6A7A11C2A8E7A00A0DBBE /* EMCommandMessageBody.h */ = {isa = PBXFileReference; fileEncoding = 4; lastKnownFileType = sourcecode.c.h; path = EMCommandMessageBody.h; sourceTree = "<group>"; };
		2AA6A7A21C2A8E7A00A0DBBE /* EMConversation.h */ = {isa = PBXFileReference; fileEncoding = 4; lastKnownFileType = sourcecode.c.h; path = EMConversation.h; sourceTree = "<group>"; };
		2AA6A7A31C2A8E7A00A0DBBE /* EMCursorResult.h */ = {isa = PBXFileReference; fileEncoding = 4; lastKnownFileType = sourcecode.c.h; path = EMCursorResult.h; sourceTree = "<group>"; };
		2AA6A7A41C2A8E7A00A0DBBE /* EMFileMessageBody.h */ = {isa = PBXFileReference; fileEncoding = 4; lastKnownFileType = sourcecode.c.h; path = EMFileMessageBody.h; sourceTree = "<group>"; };
		2AA6A7A51C2A8E7A00A0DBBE /* EMGroup.h */ = {isa = PBXFileReference; fileEncoding = 4; lastKnownFileType = sourcecode.c.h; path = EMGroup.h; sourceTree = "<group>"; };
		2AA6A7A61C2A8E7A00A0DBBE /* EMGroupStyleSetting.h */ = {isa = PBXFileReference; fileEncoding = 4; lastKnownFileType = sourcecode.c.h; path = EMGroupStyleSetting.h; sourceTree = "<group>"; };
		2AA6A7A71C2A8E7A00A0DBBE /* EMImageMessageBody.h */ = {isa = PBXFileReference; fileEncoding = 4; lastKnownFileType = sourcecode.c.h; path = EMImageMessageBody.h; sourceTree = "<group>"; };
		2AA6A7A81C2A8E7A00A0DBBE /* EMLocationMessageBody.h */ = {isa = PBXFileReference; fileEncoding = 4; lastKnownFileType = sourcecode.c.h; path = EMLocationMessageBody.h; sourceTree = "<group>"; };
		2AA6A7A91C2A8E7A00A0DBBE /* EMMessage.h */ = {isa = PBXFileReference; fileEncoding = 4; lastKnownFileType = sourcecode.c.h; path = EMMessage.h; sourceTree = "<group>"; };
		2AA6A7AA1C2A8E7A00A0DBBE /* EMPushNotificationOptions.h */ = {isa = PBXFileReference; fileEncoding = 4; lastKnownFileType = sourcecode.c.h; path = EMPushNotificationOptions.h; sourceTree = "<group>"; };
		2AA6A7AB1C2A8E7A00A0DBBE /* EMReceipt.h */ = {isa = PBXFileReference; fileEncoding = 4; lastKnownFileType = sourcecode.c.h; path = EMReceipt.h; sourceTree = "<group>"; };
		2AA6A7AC1C2A8E7A00A0DBBE /* EMReceiptBase.h */ = {isa = PBXFileReference; fileEncoding = 4; lastKnownFileType = sourcecode.c.h; path = EMReceiptBase.h; sourceTree = "<group>"; };
		2AA6A7AD1C2A8E7A00A0DBBE /* EMRobot.h */ = {isa = PBXFileReference; fileEncoding = 4; lastKnownFileType = sourcecode.c.h; path = EMRobot.h; sourceTree = "<group>"; };
		2AA6A7AE1C2A8E7A00A0DBBE /* EMTextMessageBody.h */ = {isa = PBXFileReference; fileEncoding = 4; lastKnownFileType = sourcecode.c.h; path = EMTextMessageBody.h; sourceTree = "<group>"; };
		2AA6A7AF1C2A8E7A00A0DBBE /* EMVideoMessageBody.h */ = {isa = PBXFileReference; fileEncoding = 4; lastKnownFileType = sourcecode.c.h; path = EMVideoMessageBody.h; sourceTree = "<group>"; };
		2AA6A7B01C2A8E7A00A0DBBE /* EMVoiceMessageBody.h */ = {isa = PBXFileReference; fileEncoding = 4; lastKnownFileType = sourcecode.c.h; path = EMVoiceMessageBody.h; sourceTree = "<group>"; };
		2AA6A7B11C2A8E7A00A0DBBE /* IChatImageOptions.h */ = {isa = PBXFileReference; fileEncoding = 4; lastKnownFileType = sourcecode.c.h; path = IChatImageOptions.h; sourceTree = "<group>"; };
		2AA6A7B21C2A8E7A00A0DBBE /* IEMChatCryptor.h */ = {isa = PBXFileReference; fileEncoding = 4; lastKnownFileType = sourcecode.c.h; path = IEMChatCryptor.h; sourceTree = "<group>"; };
		2AA6A7B31C2A8E7A00A0DBBE /* IEMChatFile.h */ = {isa = PBXFileReference; fileEncoding = 4; lastKnownFileType = sourcecode.c.h; path = IEMChatFile.h; sourceTree = "<group>"; };
		2AA6A7B41C2A8E7A00A0DBBE /* IEMChatObject.h */ = {isa = PBXFileReference; fileEncoding = 4; lastKnownFileType = sourcecode.c.h; path = IEMChatObject.h; sourceTree = "<group>"; };
		2AA6A7B51C2A8E7A00A0DBBE /* IEMChatProgressDelegate.h */ = {isa = PBXFileReference; fileEncoding = 4; lastKnownFileType = sourcecode.c.h; path = IEMChatProgressDelegate.h; sourceTree = "<group>"; };
		2AA6A7B61C2A8E7A00A0DBBE /* IEMFileMessageBody.h */ = {isa = PBXFileReference; fileEncoding = 4; lastKnownFileType = sourcecode.c.h; path = IEMFileMessageBody.h; sourceTree = "<group>"; };
		2AA6A7B71C2A8E7A00A0DBBE /* IEMMessageBody.h */ = {isa = PBXFileReference; fileEncoding = 4; lastKnownFileType = sourcecode.c.h; path = IEMMessageBody.h; sourceTree = "<group>"; };
		2AA6A7B91C2A8E7A00A0DBBE /* EaseMob.h */ = {isa = PBXFileReference; fileEncoding = 4; lastKnownFileType = sourcecode.c.h; path = EaseMob.h; sourceTree = "<group>"; };
		2AA6A7BA1C2A8E7A00A0DBBE /* EaseMobHeaders.h */ = {isa = PBXFileReference; fileEncoding = 4; lastKnownFileType = sourcecode.c.h; path = EaseMobHeaders.h; sourceTree = "<group>"; };
		2AA6A7BC1C2A8E7A00A0DBBE /* EaseMob.h */ = {isa = PBXFileReference; fileEncoding = 4; lastKnownFileType = sourcecode.c.h; path = EaseMob.h; sourceTree = "<group>"; };
		2AA6A7BD1C2A8E7A00A0DBBE /* EaseMobHeaders.h */ = {isa = PBXFileReference; fileEncoding = 4; lastKnownFileType = sourcecode.c.h; path = EaseMobHeaders.h; sourceTree = "<group>"; };
		2AA6A7BF1C2A8E7A00A0DBBE /* commonDefs.h */ = {isa = PBXFileReference; fileEncoding = 4; lastKnownFileType = sourcecode.c.h; path = commonDefs.h; sourceTree = "<group>"; };
		2AA6A7C21C2A8E7A00A0DBBE /* IDeviceManagerDelegate.h */ = {isa = PBXFileReference; fileEncoding = 4; lastKnownFileType = sourcecode.c.h; path = IDeviceManagerDelegate.h; sourceTree = "<group>"; };
		2AA6A7C41C2A8E7A00A0DBBE /* EMDeviceManagerDelegate.h */ = {isa = PBXFileReference; fileEncoding = 4; lastKnownFileType = sourcecode.c.h; path = EMDeviceManagerDelegate.h; sourceTree = "<group>"; };
		2AA6A7C51C2A8E7A00A0DBBE /* EMDeviceManagerDelegateBase.h */ = {isa = PBXFileReference; fileEncoding = 4; lastKnownFileType = sourcecode.c.h; path = EMDeviceManagerDelegateBase.h; sourceTree = "<group>"; };
		2AA6A7C61C2A8E7A00A0DBBE /* EMDeviceManagerNetworkDelegate.h */ = {isa = PBXFileReference; fileEncoding = 4; lastKnownFileType = sourcecode.c.h; path = EMDeviceManagerNetworkDelegate.h; sourceTree = "<group>"; };
		2AA6A7C71C2A8E7A00A0DBBE /* EMDeviceManagerDefs.h */ = {isa = PBXFileReference; fileEncoding = 4; lastKnownFileType = sourcecode.c.h; path = EMDeviceManagerDefs.h; sourceTree = "<group>"; };
		2AA6A7C81C2A8E7A00A0DBBE /* IDeviceManager.h */ = {isa = PBXFileReference; fileEncoding = 4; lastKnownFileType = sourcecode.c.h; path = IDeviceManager.h; sourceTree = "<group>"; };
		2AA6A7CA1C2A8E7A00A0DBBE /* IDeviceManagerBase.h */ = {isa = PBXFileReference; fileEncoding = 4; lastKnownFileType = sourcecode.c.h; path = IDeviceManagerBase.h; sourceTree = "<group>"; };
		2AA6A7CB1C2A8E7A00A0DBBE /* EMNetworkMonitorDefs.h */ = {isa = PBXFileReference; fileEncoding = 4; lastKnownFileType = sourcecode.c.h; path = EMNetworkMonitorDefs.h; sourceTree = "<group>"; };
		2AA6A7CD1C2A8E7A00A0DBBE /* EMError.h */ = {isa = PBXFileReference; fileEncoding = 4; lastKnownFileType = sourcecode.c.h; path = EMError.h; sourceTree = "<group>"; };
		2AA6A7CE1C2A8E7A00A0DBBE /* EMErrorDefs.h */ = {isa = PBXFileReference; fileEncoding = 4; lastKnownFileType = sourcecode.c.h; path = EMErrorDefs.h; sourceTree = "<group>"; };
		2AA6A7D21C2A8E7A00A0DBBE /* EaseMob.bundle */ = {isa = PBXFileReference; lastKnownFileType = "wrapper.plug-in"; path = EaseMob.bundle; sourceTree = "<group>"; };
		2AA6A7D51C2A8ECA00A0DBBE /* MobileCoreServices.framework */ = {isa = PBXFileReference; lastKnownFileType = wrapper.framework; name = MobileCoreServices.framework; path = System/Library/Frameworks/MobileCoreServices.framework; sourceTree = SDKROOT; };
		2AA6A7D71C2A8ED300A0DBBE /* CFNetwork.framework */ = {isa = PBXFileReference; lastKnownFileType = wrapper.framework; name = CFNetwork.framework; path = System/Library/Frameworks/CFNetwork.framework; sourceTree = SDKROOT; };
		2AA6A7D91C2A8EEB00A0DBBE /* libsqlite3.tbd */ = {isa = PBXFileReference; lastKnownFileType = "sourcecode.text-based-dylib-definition"; name = libsqlite3.tbd; path = usr/lib/libsqlite3.tbd; sourceTree = SDKROOT; };
		2AA6A7DB1C2A8EF400A0DBBE /* libstdc++.6.0.9.tbd */ = {isa = PBXFileReference; lastKnownFileType = "sourcecode.text-based-dylib-definition"; name = "libstdc++.6.0.9.tbd"; path = "usr/lib/libstdc++.6.0.9.tbd"; sourceTree = SDKROOT; };
		2AA6A7DD1C2A8EFF00A0DBBE /* libz.tbd */ = {isa = PBXFileReference; lastKnownFileType = "sourcecode.text-based-dylib-definition"; name = libz.tbd; path = usr/lib/libz.tbd; sourceTree = SDKROOT; };
		2AA6A7DF1C2A8F0700A0DBBE /* libiconv.tbd */ = {isa = PBXFileReference; lastKnownFileType = "sourcecode.text-based-dylib-definition"; name = libiconv.tbd; path = usr/lib/libiconv.tbd; sourceTree = SDKROOT; };
		2AA6A7E11C2A8F1100A0DBBE /* libresolv.tbd */ = {isa = PBXFileReference; lastKnownFileType = "sourcecode.text-based-dylib-definition"; name = libresolv.tbd; path = usr/lib/libresolv.tbd; sourceTree = SDKROOT; };
		2AA6A7E31C2A8F1800A0DBBE /* libxml2.tbd */ = {isa = PBXFileReference; lastKnownFileType = "sourcecode.text-based-dylib-definition"; name = libxml2.tbd; path = usr/lib/libxml2.tbd; sourceTree = SDKROOT; };
		2AA6A7E51C2A90BB00A0DBBE /* libEaseMobClientSDKLite.a */ = {isa = PBXFileReference; lastKnownFileType = archive.ar; name = libEaseMobClientSDKLite.a; path = ../../libEaseMobClientSDKLite.a; sourceTree = "<group>"; };
		2AB2322F1C082E7A001B4D59 /* xueYuan.plist */ = {isa = PBXFileReference; fileEncoding = 4; lastKnownFileType = text.plist.xml; path = xueYuan.plist; sourceTree = "<group>"; };
		2AE0653F1BAAE77900F25453 /* NavigatationController.h */ = {isa = PBXFileReference; fileEncoding = 4; lastKnownFileType = sourcecode.c.h; path = NavigatationController.h; sourceTree = "<group>"; };
		2AE065401BAAE77900F25453 /* NavigatationController.m */ = {isa = PBXFileReference; fileEncoding = 4; lastKnownFileType = sourcecode.c.objc; path = NavigatationController.m; sourceTree = "<group>"; };
		2AE065571BAAED7200F25453 /* MainWorkController.h */ = {isa = PBXFileReference; fileEncoding = 4; lastKnownFileType = sourcecode.c.h; path = MainWorkController.h; sourceTree = "<group>"; };
		2AE065581BAAED7200F25453 /* MainWorkController.m */ = {isa = PBXFileReference; fileEncoding = 4; lastKnownFileType = sourcecode.c.objc; path = MainWorkController.m; sourceTree = "<group>"; };
		2AE0655C1BAAEE0000F25453 /* NewFeatureController.h */ = {isa = PBXFileReference; fileEncoding = 4; lastKnownFileType = sourcecode.c.h; path = NewFeatureController.h; sourceTree = "<group>"; };
		2AE0655D1BAAEE0000F25453 /* NewFeatureController.m */ = {isa = PBXFileReference; fileEncoding = 4; lastKnownFileType = sourcecode.c.objc; path = NewFeatureController.m; sourceTree = "<group>"; };
		2AE065671BAAEE9300F25453 /* MainController.h */ = {isa = PBXFileReference; fileEncoding = 4; lastKnownFileType = sourcecode.c.h; path = MainController.h; sourceTree = "<group>"; };
		2AE065681BAAEE9300F25453 /* MainController.m */ = {isa = PBXFileReference; fileEncoding = 4; lastKnownFileType = sourcecode.c.objc; path = MainController.m; sourceTree = "<group>"; };
/* End PBXFileReference section */

/* Begin PBXFrameworksBuildPhase section */
		2A6E50431BA55D4800A39482 /* Frameworks */ = {
			isa = PBXFrameworksBuildPhase;
			buildActionMask = 2147483647;
			files = (
				2AA6A7E41C2A8F1800A0DBBE /* libxml2.tbd in Frameworks */,
				2AA6A7E21C2A8F1100A0DBBE /* libresolv.tbd in Frameworks */,
				2AA6A7E01C2A8F0700A0DBBE /* libiconv.tbd in Frameworks */,
				2AA6A7DE1C2A8EFF00A0DBBE /* libz.tbd in Frameworks */,
				2AA6A7DC1C2A8EF400A0DBBE /* libstdc++.6.0.9.tbd in Frameworks */,
				2AA6A7DA1C2A8EEB00A0DBBE /* libsqlite3.tbd in Frameworks */,
				2AA6A7D81C2A8ED300A0DBBE /* CFNetwork.framework in Frameworks */,
				2AA6A7E61C2A90BB00A0DBBE /* libEaseMobClientSDKLite.a in Frameworks */,
				2AA6A7D61C2A8ECA00A0DBBE /* MobileCoreServices.framework in Frameworks */,
			);
			runOnlyForDeploymentPostprocessing = 0;
		};
		2A6E505F1BA55D4800A39482 /* Frameworks */ = {
			isa = PBXFrameworksBuildPhase;
			buildActionMask = 2147483647;
			files = (
			);
			runOnlyForDeploymentPostprocessing = 0;
		};
/* End PBXFrameworksBuildPhase section */

/* Begin PBXGroup section */
		2A342D561BE9DC6B00433800 /* AFNetworking */ = {
			isa = PBXGroup;
			children = (
				2A342D571BE9DC6B00433800 /* AFHTTPRequestOperation.h */,
				2A342D581BE9DC6B00433800 /* AFHTTPRequestOperation.m */,
				2A342D591BE9DC6B00433800 /* AFHTTPRequestOperationManager.h */,
				2A342D5A1BE9DC6B00433800 /* AFHTTPRequestOperationManager.m */,
				2A342D5B1BE9DC6B00433800 /* AFHTTPSessionManager.h */,
				2A342D5C1BE9DC6B00433800 /* AFHTTPSessionManager.m */,
				2A342D5D1BE9DC6B00433800 /* AFNetworking.h */,
				2A342D5E1BE9DC6B00433800 /* AFNetworkReachabilityManager.h */,
				2A342D5F1BE9DC6B00433800 /* AFNetworkReachabilityManager.m */,
				2A342D601BE9DC6B00433800 /* AFSecurityPolicy.h */,
				2A342D611BE9DC6B00433800 /* AFSecurityPolicy.m */,
				2A342D621BE9DC6B00433800 /* AFURLConnectionOperation.h */,
				2A342D631BE9DC6B00433800 /* AFURLConnectionOperation.m */,
				2A342D641BE9DC6B00433800 /* AFURLRequestSerialization.h */,
				2A342D651BE9DC6B00433800 /* AFURLRequestSerialization.m */,
				2A342D661BE9DC6B00433800 /* AFURLResponseSerialization.h */,
				2A342D671BE9DC6B00433800 /* AFURLResponseSerialization.m */,
				2A342D681BE9DC6B00433800 /* AFURLSessionManager.h */,
				2A342D691BE9DC6B00433800 /* AFURLSessionManager.m */,
				2A342D6A1BE9DC6B00433800 /* CMainPageTabBarController.h */,
				2A342D6B1BE9DC6B00433800 /* CMainPageTabBarController.m */,
			);
			path = AFNetworking;
			sourceTree = "<group>";
		};
		2A342DAD1BEB3EC700433800 /* weiboshouquan(微博授权) */ = {
			isa = PBXGroup;
			children = (
				2A342DAF1BEB3F0200433800 /* model */,
				2A342DAE1BEB3EEC00433800 /* controller */,
				2A342D9B1BEB318500433800 /* weibocanshu.h */,
				2A342D9C1BEB318500433800 /* weibocanshu.m */,
			);
			name = "weiboshouquan(微博授权)";
			sourceTree = "<group>";
		};
		2A342DAE1BEB3EEC00433800 /* controller */ = {
			isa = PBXGroup;
			children = (
				2A342D531BE9D8FD00433800 /* weiboshouquanController.h */,
				2A342D541BE9D8FD00433800 /* weiboshouquanController.m */,
			);
			name = controller;
			sourceTree = "<group>";
		};
		2A342DAF1BEB3F0200433800 /* model */ = {
			isa = PBXGroup;
			children = (
				2A342DA71BEB32C300433800 /* WeiboSDK+CoreDataProperties.h */,
				2A342DA81BEB32C300433800 /* WeiboSDK+CoreDataProperties.m */,
				2A342DA91BEB32C300433800 /* WeiboSDK.h */,
				2A342DAA1BEB32C300433800 /* WeiboSDK.m */,
				2A342DB01BEB3F6200433800 /* Weibouser.h */,
				2A342DB11BEB3F6200433800 /* Weibouser.m */,
			);
			name = model;
			sourceTree = "<group>";
		};
		2A342DBF1BF064FF00433800 /* zhucedenglu（注册登录） */ = {
			isa = PBXGroup;
			children = (
				2A342DC11BF0651A00433800 /* model */,
				2A342DC01BF0651100433800 /* controller */,
			);
			name = "zhucedenglu（注册登录）";
			sourceTree = "<group>";
		};
		2A342DC01BF0651100433800 /* controller */ = {
			isa = PBXGroup;
			children = (
				2A6E508E1BA6FF5900A39482 /* LoginController.h */,
				2A6E508F1BA6FF5900A39482 /* LoginController.m */,
				2A6E50931BA8629E00A39482 /* RegisterController.h */,
				2A6E50941BA8629E00A39482 /* RegisterController.m */,
				2AA5D9851C3D128800346E5A /* SaveCenterController.h */,
				2AA5D9861C3D128800346E5A /* SaveCenterController.m */,
			);
			name = controller;
			sourceTree = "<group>";
		};
		2A342DC11BF0651A00433800 /* model */ = {
			isa = PBXGroup;
			children = (
				2A78AA251C05925900BB1E24 /* Userzhanghu+CoreDataProperties.h */,
				2A78AA261C05925900BB1E24 /* Userzhanghu+CoreDataProperties.m */,
				2A78AA271C05925900BB1E24 /* Userzhanghu.h */,
				2A78AA281C05925900BB1E24 /* Userzhanghu.m */,
				2A6239551BD0AE2F00E8D1F8 /* Yidenglu+CoreDataProperties.h */,
				2A6239561BD0AE2F00E8D1F8 /* Yidenglu+CoreDataProperties.m */,
				2A6239571BD0AE2F00E8D1F8 /* Yidenglu.h */,
				2A6239581BD0AE2F00E8D1F8 /* Yidenglu.m */,
				2A78AA371C06AB7300BB1E24 /* Tiezis+CoreDataProperties.h */,
				2A78AA381C06AB7300BB1E24 /* Tiezis+CoreDataProperties.m */,
				2A78AA391C06AB7300BB1E24 /* Tiezis.h */,
				2A78AA3A1C06AB7300BB1E24 /* Tiezis.m */,
				2A78AA3B1C06AB7300BB1E24 /* Dongtai+CoreDataProperties.h */,
				2A78AA3C1C06AB7300BB1E24 /* Dongtai+CoreDataProperties.m */,
				2A78AA3D1C06AB7300BB1E24 /* Dongtai.h */,
				2A78AA3E1C06AB7300BB1E24 /* Dongtai.m */,
			);
			name = model;
			sourceTree = "<group>";
		};
		2A6E503D1BA55D4800A39482 = {
			isa = PBXGroup;
			children = (
				2A6E50481BA55D4800A39482 /* 我的项目1.2 */,
				2A6E50651BA55D4800A39482 /* 我的项目1.2Tests */,
				2A6E50471BA55D4800A39482 /* Products */,
			);
			sourceTree = "<group>";
		};
		2A6E50471BA55D4800A39482 /* Products */ = {
			isa = PBXGroup;
			children = (
				2A6E50461BA55D4800A39482 /* 我的项目1.2.app */,
				2A6E50621BA55D4800A39482 /* 我的项目1.2Tests.xctest */,
			);
			name = Products;
			sourceTree = "<group>";
		};
		2A6E50481BA55D4800A39482 /* 我的项目1.2 */ = {
			isa = PBXGroup;
			children = (
				2AA6A7661C2A8E7A00A0DBBE /* EaseMobSDK */,
				2A342DBF1BF064FF00433800 /* zhucedenglu（注册登录） */,
				2AE0655A1BAAEE0000F25453 /* NewFeatuer */,
				2AE065611BAAEE0000F25453 /* Information（个人信息） */,
				2AE065421BAAED1C00F25453 /* (kongjian)朋友圈 */,
				2AE065461BAAED1C00F25453 /* friends(好友) */,
				2AE0654A1BAAED1C00F25453 /* MainWork(功能主界面) */,
				2A6E50721BA55E5400A39482 /* main(主界面) */,
				2A6E50561BA55D4800A39482 /* Main.storyboard */,
				2A6E50591BA55D4800A39482 /* Images.xcassets */,
				2A6E505B1BA55D4800A39482 /* LaunchScreen.xib */,
				2A6E50501BA55D4800A39482 /* ____1_2.xcdatamodeld */,
				2A6E50491BA55D4800A39482 /* Supporting Files */,
				2A23C0451BD8D10F0002DE36 /* shetuan.plist */,
				2AA5D99B1C3E06BD00346E5A /* LCFont.h */,
				2AA5D99C1C3E06BD00346E5A /* LCFont.m */,
				2AA5D99E1C3E06BD00346E5A /* UIUtil.h */,
				2AA5D99F1C3E06BD00346E5A /* UIUtil.m */,
				2AA5D9A21C3E072200346E5A /* PrefixHeader.pch */,
			);
			path = "我的项目1.2";
			sourceTree = "<group>";
		};
		2A6E50491BA55D4800A39482 /* Supporting Files */ = {
			isa = PBXGroup;
			children = (
				2A6E504A1BA55D4800A39482 /* Info.plist */,
				2A6E504B1BA55D4800A39482 /* main.m */,
			);
			name = "Supporting Files";
			sourceTree = "<group>";
		};
		2A6E50651BA55D4800A39482 /* 我的项目1.2Tests */ = {
			isa = PBXGroup;
			children = (
				2A6E50681BA55D4800A39482 /* ____1_2Tests.m */,
				2A6E50661BA55D4800A39482 /* Supporting Files */,
			);
			path = "我的项目1.2Tests";
			sourceTree = "<group>";
		};
		2A6E50661BA55D4800A39482 /* Supporting Files */ = {
			isa = PBXGroup;
			children = (
				2A6E50671BA55D4800A39482 /* Info.plist */,
			);
			name = "Supporting Files";
			sourceTree = "<group>";
		};
		2A6E50721BA55E5400A39482 /* main(主界面) */ = {
			isa = PBXGroup;
			children = (
				2A6E50771BA55E5400A39482 /* other */,
				2A342DAD1BEB3EC700433800 /* weiboshouquan(微博授权) */,
				2A6E50731BA55E5400A39482 /* catelog */,
				2A6E50741BA55E5400A39482 /* controller */,
				2A6E50751BA55E5400A39482 /* lib */,
				2A6E50761BA55E5400A39482 /* model */,
				2A6E50781BA55E5400A39482 /* view */,
			);
			path = "main(主界面)";
			sourceTree = "<group>";
		};
		2A6E50731BA55E5400A39482 /* catelog */ = {
			isa = PBXGroup;
			children = (
				2A6E507D1BA55F2400A39482 /* UIView+Extension.h */,
				2A6E507E1BA55F2400A39482 /* UIView+Extension.m */,
			);
			path = catelog;
			sourceTree = "<group>";
		};
		2A6E50741BA55E5400A39482 /* controller */ = {
			isa = PBXGroup;
			children = (
				2AE0653F1BAAE77900F25453 /* NavigatationController.h */,
				2AE065401BAAE77900F25453 /* NavigatationController.m */,
				2AE065671BAAEE9300F25453 /* MainController.h */,
				2AE065681BAAEE9300F25453 /* MainController.m */,
			);
			path = controller;
			sourceTree = "<group>";
		};
		2A6E50751BA55E5400A39482 /* lib */ = {
			isa = PBXGroup;
			children = (
			);
			path = lib;
			sourceTree = "<group>";
		};
		2A6E50761BA55E5400A39482 /* model */ = {
			isa = PBXGroup;
			children = (
			);
			path = model;
			sourceTree = "<group>";
		};
		2A6E50771BA55E5400A39482 /* other */ = {
			isa = PBXGroup;
			children = (
				2A342D561BE9DC6B00433800 /* AFNetworking */,
				2A6E504D1BA55D4800A39482 /* AppDelegate.h */,
				2A6E504E1BA55D4800A39482 /* AppDelegate.m */,
			);
			path = other;
			sourceTree = "<group>";
		};
		2A6E50781BA55E5400A39482 /* view */ = {
			isa = PBXGroup;
			children = (
			);
			path = view;
			sourceTree = "<group>";
		};
		2A9E9BB81BDF6A450097EFCE /* Tiezicontroller（公用帖子） */ = {
			isa = PBXGroup;
			children = (
				2A23C03C1BD8C9A30002DE36 /* shetuanController.h */,
				2A23C03D1BD8C9A30002DE36 /* shetuanController.m */,
				2A9E9BB91BDF6A940097EFCE /* TieziController.h */,
				2A9E9BBA1BDF6A940097EFCE /* TieziController.m */,
				2A9E9BC81BDF9A020097EFCE /* fatieViewController.h */,
				2A9E9BC91BDF9A020097EFCE /* fatieViewController.m */,
				2A9E9BD11BDFA5A60097EFCE /* DandutieziController.h */,
				2A9E9BD21BDFA5A60097EFCE /* DandutieziController.m */,
			);
			name = "Tiezicontroller（公用帖子）";
			sourceTree = "<group>";
		};
		2AA6A7661C2A8E7A00A0DBBE /* EaseMobSDK */ = {
			isa = PBXGroup;
			children = (
				2AA6A7671C2A8E7A00A0DBBE /* include */,
				2AA6A7CF1C2A8E7A00A0DBBE /* lib */,
				2AA6A7D11C2A8E7A00A0DBBE /* resources */,
			);
			name = EaseMobSDK;
			path = ../EaseMobSDK;
			sourceTree = "<group>";
		};
		2AA6A7671C2A8E7A00A0DBBE /* include */ = {
			isa = PBXGroup;
			children = (
				2AA6A7681C2A8E7A00A0DBBE /* CallService */,
				2AA6A7771C2A8E7A00A0DBBE /* ChatService */,
				2AA6A7B81C2A8E7A00A0DBBE /* EaseMobClientSDK */,
				2AA6A7BB1C2A8E7A00A0DBBE /* EaseMobClientSDKLite */,
				2AA6A7BE1C2A8E7A00A0DBBE /* Utility */,
			);
			path = include;
			sourceTree = "<group>";
		};
		2AA6A7681C2A8E7A00A0DBBE /* CallService */ = {
			isa = PBXGroup;
			children = (
				2AA6A7691C2A8E7A00A0DBBE /* EMCallManager */,
			);
			path = CallService;
			sourceTree = "<group>";
		};
		2AA6A7691C2A8E7A00A0DBBE /* EMCallManager */ = {
			isa = PBXGroup;
			children = (
				2AA6A76A1C2A8E7A00A0DBBE /* delegates */,
				2AA6A76D1C2A8E7A00A0DBBE /* EaseMob+CallService.h */,
				2AA6A76E1C2A8E7A00A0DBBE /* EMCallServiceDefs.h */,
				2AA6A76F1C2A8E7A00A0DBBE /* ICallManager.h */,
				2AA6A7701C2A8E7A00A0DBBE /* internal */,
				2AA6A7731C2A8E7A00A0DBBE /* types */,
			);
			path = EMCallManager;
			sourceTree = "<group>";
		};
		2AA6A76A1C2A8E7A00A0DBBE /* delegates */ = {
			isa = PBXGroup;
			children = (
				2AA6A76B1C2A8E7A00A0DBBE /* EMCallManagerCallDelegate.h */,
				2AA6A76C1C2A8E7A00A0DBBE /* EMCallManagerDelegate.h */,
			);
			path = delegates;
			sourceTree = "<group>";
		};
		2AA6A7701C2A8E7A00A0DBBE /* internal */ = {
			isa = PBXGroup;
			children = (
				2AA6A7711C2A8E7A00A0DBBE /* ICallManagerBase.h */,
				2AA6A7721C2A8E7A00A0DBBE /* ICallManagerCall.h */,
			);
			path = internal;
			sourceTree = "<group>";
		};
		2AA6A7731C2A8E7A00A0DBBE /* types */ = {
			isa = PBXGroup;
			children = (
				2AA6A7741C2A8E7A00A0DBBE /* EMCallSession.h */,
				2AA6A7751C2A8E7A00A0DBBE /* IOpenGLView.h */,
				2AA6A7761C2A8E7A00A0DBBE /* OpenGLView20.h */,
			);
			path = types;
			sourceTree = "<group>";
		};
		2AA6A7771C2A8E7A00A0DBBE /* ChatService */ = {
			isa = PBXGroup;
			children = (
				2AA6A7781C2A8E7A00A0DBBE /* EMChatManager */,
			);
			path = ChatService;
			sourceTree = "<group>";
		};
		2AA6A7781C2A8E7A00A0DBBE /* EMChatManager */ = {
			isa = PBXGroup;
			children = (
				2AA6A7791C2A8E7A00A0DBBE /* delegates */,
				2AA6A7861C2A8E7A00A0DBBE /* EMChatManagerDefs.h */,
				2AA6A7871C2A8E7A00A0DBBE /* EMGroupManagerDefs.h */,
				2AA6A7881C2A8E7A00A0DBBE /* EMPushManagerDefs.h */,
				2AA6A7891C2A8E7A00A0DBBE /* IChatManager.h */,
				2AA6A78A1C2A8E7A00A0DBBE /* internal */,
				2AA6A7971C2A8E7A00A0DBBE /* types */,
			);
			path = EMChatManager;
			sourceTree = "<group>";
		};
		2AA6A7791C2A8E7A00A0DBBE /* delegates */ = {
			isa = PBXGroup;
			children = (
				2AA6A77A1C2A8E7A00A0DBBE /* IChatManagerDelegate.h */,
				2AA6A77B1C2A8E7A00A0DBBE /* internal */,
			);
			path = delegates;
			sourceTree = "<group>";
		};
		2AA6A77B1C2A8E7A00A0DBBE /* internal */ = {
			isa = PBXGroup;
			children = (
				2AA6A77C1C2A8E7A00A0DBBE /* EMChatManagerBuddyDelegate.h */,
				2AA6A77D1C2A8E7A00A0DBBE /* EMChatManagerChatDelegate.h */,
				2AA6A77E1C2A8E7A00A0DBBE /* EMChatManagerChatroomDelegate.h */,
				2AA6A77F1C2A8E7A00A0DBBE /* EMChatManagerDelegate.h */,
				2AA6A7801C2A8E7A00A0DBBE /* EMChatManagerDelegateBase.h */,
				2AA6A7811C2A8E7A00A0DBBE /* EMChatManagerEncryptionDelegate.h */,
				2AA6A7821C2A8E7A00A0DBBE /* EMChatManagerGroupDelegate.h */,
				2AA6A7831C2A8E7A00A0DBBE /* EMChatManagerLoginDelegate.h */,
				2AA6A7841C2A8E7A00A0DBBE /* EMChatManagerPushNotificationDelegate.h */,
				2AA6A7851C2A8E7A00A0DBBE /* EMChatManagerUtilDelegate.h */,
			);
			path = internal;
			sourceTree = "<group>";
		};
		2AA6A78A1C2A8E7A00A0DBBE /* internal */ = {
			isa = PBXGroup;
			children = (
				2AA6A78B1C2A8E7A00A0DBBE /* IChatManagerBase.h */,
				2AA6A78C1C2A8E7A00A0DBBE /* IChatManagerBuddy.h */,
				2AA6A78D1C2A8E7A00A0DBBE /* IChatManagerChat.h */,
				2AA6A78E1C2A8E7A00A0DBBE /* IChatManagerChatroom.h */,
				2AA6A78F1C2A8E7A00A0DBBE /* IChatManagerConversation.h */,
				2AA6A7901C2A8E7A00A0DBBE /* IChatManagerEncryption.h */,
				2AA6A7911C2A8E7A00A0DBBE /* IChatManagerGroup.h */,
				2AA6A7921C2A8E7A00A0DBBE /* IChatManagerLogin.h */,
				2AA6A7931C2A8E7A00A0DBBE /* IChatManagerPushNotification.h */,
				2AA6A7941C2A8E7A00A0DBBE /* IChatManagerRobot.h */,
				2AA6A7951C2A8E7A00A0DBBE /* IChatManagerSettingOptions.h */,
				2AA6A7961C2A8E7A00A0DBBE /* IChatManagerUtil.h */,
			);
			path = internal;
			sourceTree = "<group>";
		};
		2AA6A7971C2A8E7A00A0DBBE /* types */ = {
			isa = PBXGroup;
			children = (
				2AA6A7981C2A8E7A00A0DBBE /* EMBuddy.h */,
				2AA6A7991C2A8E7A00A0DBBE /* EMChatCommand.h */,
				2AA6A79A1C2A8E7A00A0DBBE /* EMChatFile.h */,
				2AA6A79B1C2A8E7A00A0DBBE /* EMChatImage.h */,
				2AA6A79C1C2A8E7A00A0DBBE /* EMChatLocation.h */,
				2AA6A79D1C2A8E7A00A0DBBE /* EMChatroom.h */,
				2AA6A79E1C2A8E7A00A0DBBE /* EMChatText.h */,
				2AA6A79F1C2A8E7A00A0DBBE /* EMChatVideo.h */,
				2AA6A7A01C2A8E7A00A0DBBE /* EMChatVoice.h */,
				2AA6A7A11C2A8E7A00A0DBBE /* EMCommandMessageBody.h */,
				2AA6A7A21C2A8E7A00A0DBBE /* EMConversation.h */,
				2AA6A7A31C2A8E7A00A0DBBE /* EMCursorResult.h */,
				2AA6A7A41C2A8E7A00A0DBBE /* EMFileMessageBody.h */,
				2AA6A7A51C2A8E7A00A0DBBE /* EMGroup.h */,
				2AA6A7A61C2A8E7A00A0DBBE /* EMGroupStyleSetting.h */,
				2AA6A7A71C2A8E7A00A0DBBE /* EMImageMessageBody.h */,
				2AA6A7A81C2A8E7A00A0DBBE /* EMLocationMessageBody.h */,
				2AA6A7A91C2A8E7A00A0DBBE /* EMMessage.h */,
				2AA6A7AA1C2A8E7A00A0DBBE /* EMPushNotificationOptions.h */,
				2AA6A7AB1C2A8E7A00A0DBBE /* EMReceipt.h */,
				2AA6A7AC1C2A8E7A00A0DBBE /* EMReceiptBase.h */,
				2AA6A7AD1C2A8E7A00A0DBBE /* EMRobot.h */,
				2AA6A7AE1C2A8E7A00A0DBBE /* EMTextMessageBody.h */,
				2AA6A7AF1C2A8E7A00A0DBBE /* EMVideoMessageBody.h */,
				2AA6A7B01C2A8E7A00A0DBBE /* EMVoiceMessageBody.h */,
				2AA6A7B11C2A8E7A00A0DBBE /* IChatImageOptions.h */,
				2AA6A7B21C2A8E7A00A0DBBE /* IEMChatCryptor.h */,
				2AA6A7B31C2A8E7A00A0DBBE /* IEMChatFile.h */,
				2AA6A7B41C2A8E7A00A0DBBE /* IEMChatObject.h */,
				2AA6A7B51C2A8E7A00A0DBBE /* IEMChatProgressDelegate.h */,
				2AA6A7B61C2A8E7A00A0DBBE /* IEMFileMessageBody.h */,
				2AA6A7B71C2A8E7A00A0DBBE /* IEMMessageBody.h */,
			);
			path = types;
			sourceTree = "<group>";
		};
		2AA6A7B81C2A8E7A00A0DBBE /* EaseMobClientSDK */ = {
			isa = PBXGroup;
			children = (
				2AA6A7B91C2A8E7A00A0DBBE /* EaseMob.h */,
				2AA6A7BA1C2A8E7A00A0DBBE /* EaseMobHeaders.h */,
			);
			path = EaseMobClientSDK;
			sourceTree = "<group>";
		};
		2AA6A7BB1C2A8E7A00A0DBBE /* EaseMobClientSDKLite */ = {
			isa = PBXGroup;
			children = (
				2AA6A7BC1C2A8E7A00A0DBBE /* EaseMob.h */,
				2AA6A7BD1C2A8E7A00A0DBBE /* EaseMobHeaders.h */,
			);
			path = EaseMobClientSDKLite;
			sourceTree = "<group>";
		};
		2AA6A7BE1C2A8E7A00A0DBBE /* Utility */ = {
			isa = PBXGroup;
			children = (
				2AA6A7BF1C2A8E7A00A0DBBE /* commonDefs.h */,
				2AA6A7C01C2A8E7A00A0DBBE /* EMDeviceManager */,
				2AA6A7CB1C2A8E7A00A0DBBE /* EMNetworkMonitorDefs.h */,
				2AA6A7CC1C2A8E7A00A0DBBE /* ErrorManager */,
			);
			path = Utility;
			sourceTree = "<group>";
		};
		2AA6A7C01C2A8E7A00A0DBBE /* EMDeviceManager */ = {
			isa = PBXGroup;
			children = (
				2AA6A7C11C2A8E7A00A0DBBE /* delegates */,
				2AA6A7C71C2A8E7A00A0DBBE /* EMDeviceManagerDefs.h */,
				2AA6A7C81C2A8E7A00A0DBBE /* IDeviceManager.h */,
				2AA6A7C91C2A8E7A00A0DBBE /* internal */,
			);
			path = EMDeviceManager;
			sourceTree = "<group>";
		};
		2AA6A7C11C2A8E7A00A0DBBE /* delegates */ = {
			isa = PBXGroup;
			children = (
				2AA6A7C21C2A8E7A00A0DBBE /* IDeviceManagerDelegate.h */,
				2AA6A7C31C2A8E7A00A0DBBE /* internal */,
			);
			path = delegates;
			sourceTree = "<group>";
		};
		2AA6A7C31C2A8E7A00A0DBBE /* internal */ = {
			isa = PBXGroup;
			children = (
				2AA6A7C41C2A8E7A00A0DBBE /* EMDeviceManagerDelegate.h */,
				2AA6A7C51C2A8E7A00A0DBBE /* EMDeviceManagerDelegateBase.h */,
				2AA6A7C61C2A8E7A00A0DBBE /* EMDeviceManagerNetworkDelegate.h */,
			);
			path = internal;
			sourceTree = "<group>";
		};
		2AA6A7C91C2A8E7A00A0DBBE /* internal */ = {
			isa = PBXGroup;
			children = (
				2AA6A7CA1C2A8E7A00A0DBBE /* IDeviceManagerBase.h */,
			);
			path = internal;
			sourceTree = "<group>";
		};
		2AA6A7CC1C2A8E7A00A0DBBE /* ErrorManager */ = {
			isa = PBXGroup;
			children = (
				2AA6A7CD1C2A8E7A00A0DBBE /* EMError.h */,
				2AA6A7CE1C2A8E7A00A0DBBE /* EMErrorDefs.h */,
			);
			path = ErrorManager;
			sourceTree = "<group>";
		};
		2AA6A7CF1C2A8E7A00A0DBBE /* lib */ = {
			isa = PBXGroup;
			children = (
				2AA6A7E51C2A90BB00A0DBBE /* libEaseMobClientSDKLite.a */,
				2AA6A7E31C2A8F1800A0DBBE /* libxml2.tbd */,
				2AA6A7E11C2A8F1100A0DBBE /* libresolv.tbd */,
				2AA6A7DF1C2A8F0700A0DBBE /* libiconv.tbd */,
				2AA6A7DD1C2A8EFF00A0DBBE /* libz.tbd */,
				2AA6A7DB1C2A8EF400A0DBBE /* libstdc++.6.0.9.tbd */,
				2AA6A7D91C2A8EEB00A0DBBE /* libsqlite3.tbd */,
				2AA6A7D71C2A8ED300A0DBBE /* CFNetwork.framework */,
				2AA6A7D51C2A8ECA00A0DBBE /* MobileCoreServices.framework */,
			);
			path = lib;
			sourceTree = "<group>";
		};
		2AA6A7D11C2A8E7A00A0DBBE /* resources */ = {
			isa = PBXGroup;
			children = (
				2AA6A7D21C2A8E7A00A0DBBE /* EaseMob.bundle */,
			);
			path = resources;
			sourceTree = "<group>";
		};
		2AE065421BAAED1C00F25453 /* (kongjian)朋友圈 */ = {
			isa = PBXGroup;
			children = (
				2AE065431BAAED1C00F25453 /* controller */,
				2AE065441BAAED1C00F25453 /* model */,
				2AE065451BAAED1C00F25453 /* view */,
			);
			name = "(kongjian)朋友圈";
			path = "BBS(论坛)";
			sourceTree = "<group>";
		};
		2AE065431BAAED1C00F25453 /* controller */ = {
			isa = PBXGroup;
			children = (
				2A6C73FE1BB19EEE00D52FB2 /* luntanController.h */,
				2A6C73FF1BB19EEE00D52FB2 /* luntanController.m */,
				2A9E9C551BE745180097EFCE /* fadongtaiController.h */,
				2A9E9C561BE745180097EFCE /* fadongtaiController.m */,
			);
			path = controller;
			sourceTree = "<group>";
		};
		2AE065441BAAED1C00F25453 /* model */ = {
			isa = PBXGroup;
			children = (
				2A342DB91BEDDF4200433800 /* Dongtaizan+CoreDataProperties.h */,
				2A342DBA1BEDDF4200433800 /* Dongtaizan+CoreDataProperties.m */,
				2A342DBB1BEDDF4200433800 /* Dongtaizan.h */,
				2A342DBC1BEDDF4200433800 /* Dongtaizan.m */,
			);
			path = model;
			sourceTree = "<group>";
		};
		2AE065451BAAED1C00F25453 /* view */ = {
			isa = PBXGroup;
			children = (
				2A342DB61BEDDC9900433800 /* mybutton.h */,
				2A342DB71BEDDC9900433800 /* mybutton.m */,
			);
			path = view;
			sourceTree = "<group>";
		};
		2AE065461BAAED1C00F25453 /* friends(好友) */ = {
			isa = PBXGroup;
			children = (
				2AE065471BAAED1C00F25453 /* controller */,
				2AE065481BAAED1C00F25453 /* model */,
				2AE065491BAAED1C00F25453 /* view */,
			);
			path = "friends(好友)";
			sourceTree = "<group>";
		};
		2AE065471BAAED1C00F25453 /* controller */ = {
			isa = PBXGroup;
			children = (
				2A6C73FB1BB1814600D52FB2 /* FriendController.h */,
				2A6C73FC1BB1814600D52FB2 /* FriendController.m */,
			);
			path = controller;
			sourceTree = "<group>";
		};
		2AE065481BAAED1C00F25453 /* model */ = {
			isa = PBXGroup;
			children = (
			);
			path = model;
			sourceTree = "<group>";
		};
		2AE065491BAAED1C00F25453 /* view */ = {
			isa = PBXGroup;
			children = (
			);
			path = view;
			sourceTree = "<group>";
		};
		2AE0654A1BAAED1C00F25453 /* MainWork(功能主界面) */ = {
			isa = PBXGroup;
			children = (
				2A9E9BB81BDF6A450097EFCE /* Tiezicontroller（公用帖子） */,
				2AE0654B1BAAED1C00F25453 /* controller */,
				2AE0654C1BAAED1C00F25453 /* model */,
				2AE0654D1BAAED1C00F25453 /* view */,
			);
			path = "MainWork(功能主界面)";
			sourceTree = "<group>";
		};
		2AE0654B1BAAED1C00F25453 /* controller */ = {
			isa = PBXGroup;
			children = (
				2AE065571BAAED7200F25453 /* MainWorkController.h */,
				2AE065581BAAED7200F25453 /* MainWorkController.m */,
			);
			path = controller;
			sourceTree = "<group>";
		};
		2AE0654C1BAAED1C00F25453 /* model */ = {
			isa = PBXGroup;
			children = (
			);
			path = model;
			sourceTree = "<group>";
		};
		2AE0654D1BAAED1C00F25453 /* view */ = {
			isa = PBXGroup;
			children = (
			);
			path = view;
			sourceTree = "<group>";
		};
		2AE0655A1BAAEE0000F25453 /* NewFeatuer */ = {
			isa = PBXGroup;
			children = (
				2AE0655B1BAAEE0000F25453 /* controller */,
				2AE0655F1BAAEE0000F25453 /* model */,
				2AE065601BAAEE0000F25453 /* view */,
			);
			path = NewFeatuer;
			sourceTree = "<group>";
		};
		2AE0655B1BAAEE0000F25453 /* controller */ = {
			isa = PBXGroup;
			children = (
				2AE0655C1BAAEE0000F25453 /* NewFeatureController.h */,
				2AE0655D1BAAEE0000F25453 /* NewFeatureController.m */,
				2A6C73F61BB047CB00D52FB2 /* NewFeatureController.xib */,
			);
			path = controller;
			sourceTree = "<group>";
		};
		2AE0655F1BAAEE0000F25453 /* model */ = {
			isa = PBXGroup;
			children = (
			);
			path = model;
			sourceTree = "<group>";
		};
		2AE065601BAAEE0000F25453 /* view */ = {
			isa = PBXGroup;
			children = (
			);
			path = view;
			sourceTree = "<group>";
		};
		2AE065611BAAEE0000F25453 /* Information（个人信息） */ = {
			isa = PBXGroup;
			children = (
				2AE065621BAAEE0000F25453 /* controller */,
				2AE065631BAAEE0000F25453 /* model */,
				2AE065641BAAEE0000F25453 /* view */,
			);
			name = "Information（个人信息）";
			path = "UserInformation（个人信息）";
			sourceTree = "<group>";
		};
		2AE065621BAAEE0000F25453 /* controller */ = {
			isa = PBXGroup;
			children = (
				2A6C73F81BB1811B00D52FB2 /* InformationController.h */,
				2A6C73F91BB1811B00D52FB2 /* InformationController.m */,
				2A342E161BF336C400433800 /* bianjigerenzhiliaoController.h */,
				2A342E171BF336C400433800 /* bianjigerenzhiliaoController.m */,
			);
			path = controller;
			sourceTree = "<group>";
		};
		2AE065631BAAEE0000F25453 /* model */ = {
			isa = PBXGroup;
			children = (
				2AB2322F1C082E7A001B4D59 /* xueYuan.plist */,
			);
			path = model;
			sourceTree = "<group>";
		};
		2AE065641BAAEE0000F25453 /* view */ = {
			isa = PBXGroup;
			children = (
			);
			path = view;
			sourceTree = "<group>";
		};
/* End PBXGroup section */

/* Begin PBXNativeTarget section */
		2A6E50451BA55D4800A39482 /* 我的项目1.2 */ = {
			isa = PBXNativeTarget;
			buildConfigurationList = 2A6E506C1BA55D4800A39482 /* Build configuration list for PBXNativeTarget "我的项目1.2" */;
			buildPhases = (
				2A6E50421BA55D4800A39482 /* Sources */,
				2A6E50431BA55D4800A39482 /* Frameworks */,
				2A6E50441BA55D4800A39482 /* Resources */,
			);
			buildRules = (
			);
			dependencies = (
			);
			name = "我的项目1.2";
			productName = "我的项目1.2";
			productReference = 2A6E50461BA55D4800A39482 /* 我的项目1.2.app */;
			productType = "com.apple.product-type.application";
		};
		2A6E50611BA55D4800A39482 /* 我的项目1.2Tests */ = {
			isa = PBXNativeTarget;
			buildConfigurationList = 2A6E506F1BA55D4800A39482 /* Build configuration list for PBXNativeTarget "我的项目1.2Tests" */;
			buildPhases = (
				2A6E505E1BA55D4800A39482 /* Sources */,
				2A6E505F1BA55D4800A39482 /* Frameworks */,
				2A6E50601BA55D4800A39482 /* Resources */,
			);
			buildRules = (
			);
			dependencies = (
				2A6E50641BA55D4800A39482 /* PBXTargetDependency */,
			);
			name = "我的项目1.2Tests";
			productName = "我的项目1.2Tests";
			productReference = 2A6E50621BA55D4800A39482 /* 我的项目1.2Tests.xctest */;
			productType = "com.apple.product-type.bundle.unit-test";
		};
/* End PBXNativeTarget section */

/* Begin PBXProject section */
		2A6E503E1BA55D4800A39482 /* Project object */ = {
			isa = PBXProject;
			attributes = {
				LastUpgradeCheck = 0700;
				ORGANIZATIONNAME = "冯学杰";
				TargetAttributes = {
					2A6E50451BA55D4800A39482 = {
						CreatedOnToolsVersion = 6.4;
						DevelopmentTeam = 26XGYZN2LV;
					};
					2A6E50611BA55D4800A39482 = {
						CreatedOnToolsVersion = 6.4;
						TestTargetID = 2A6E50451BA55D4800A39482;
					};
				};
			};
			buildConfigurationList = 2A6E50411BA55D4800A39482 /* Build configuration list for PBXProject "我的项目1.2" */;
			compatibilityVersion = "Xcode 3.2";
			developmentRegion = English;
			hasScannedForEncodings = 0;
			knownRegions = (
				en,
				Base,
			);
			mainGroup = 2A6E503D1BA55D4800A39482;
			productRefGroup = 2A6E50471BA55D4800A39482 /* Products */;
			projectDirPath = "";
			projectRoot = "";
			targets = (
				2A6E50451BA55D4800A39482 /* 我的项目1.2 */,
				2A6E50611BA55D4800A39482 /* 我的项目1.2Tests */,
			);
		};
/* End PBXProject section */

/* Begin PBXResourcesBuildPhase section */
		2A6E50441BA55D4800A39482 /* Resources */ = {
			isa = PBXResourcesBuildPhase;
			buildActionMask = 2147483647;
			files = (
				2AB232301C082E7A001B4D59 /* xueYuan.plist in Resources */,
				2A6E50581BA55D4800A39482 /* Main.storyboard in Resources */,
				2A6E505D1BA55D4800A39482 /* LaunchScreen.xib in Resources */,
				2A6E505A1BA55D4800A39482 /* Images.xcassets in Resources */,
				2AA6A7D41C2A8E7A00A0DBBE /* EaseMob.bundle in Resources */,
				2A23C0461BD8D10F0002DE36 /* shetuan.plist in Resources */,
				2A6C73F71BB047CB00D52FB2 /* NewFeatureController.xib in Resources */,
			);
			runOnlyForDeploymentPostprocessing = 0;
		};
		2A6E50601BA55D4800A39482 /* Resources */ = {
			isa = PBXResourcesBuildPhase;
			buildActionMask = 2147483647;
			files = (
			);
			runOnlyForDeploymentPostprocessing = 0;
		};
/* End PBXResourcesBuildPhase section */

/* Begin PBXSourcesBuildPhase section */
		2A6E50421BA55D4800A39482 /* Sources */ = {
			isa = PBXSourcesBuildPhase;
			buildActionMask = 2147483647;
			files = (
				2A342D711BE9DC6B00433800 /* AFURLConnectionOperation.m in Sources */,
				2A342D6C1BE9DC6B00433800 /* AFHTTPRequestOperation.m in Sources */,
				2A6E50911BA6FF5900A39482 /* LoginController.m in Sources */,
				2A6E507F1BA55F2400A39482 /* UIView+Extension.m in Sources */,
				2A342DB21BEB3F6200433800 /* Weibouser.m in Sources */,
				2AA5D9871C3D128800346E5A /* SaveCenterController.m in Sources */,
				2A342DB81BEDDC9900433800 /* mybutton.m in Sources */,
				2A9E9BBB1BDF6A940097EFCE /* TieziController.m in Sources */,
				2A342DBE1BEDDF4200433800 /* Dongtaizan.m in Sources */,
				2A342D6F1BE9DC6B00433800 /* AFNetworkReachabilityManager.m in Sources */,
				2A78AA3F1C06AB7300BB1E24 /* Tiezis+CoreDataProperties.m in Sources */,
				2A342D701BE9DC6B00433800 /* AFSecurityPolicy.m in Sources */,
				2A342DAB1BEB32C300433800 /* WeiboSDK+CoreDataProperties.m in Sources */,
				2A6E50521BA55D4800A39482 /* ____1_2.xcdatamodeld in Sources */,
				2A342DAC1BEB32C300433800 /* WeiboSDK.m in Sources */,
				2AE065691BAAEE9300F25453 /* MainController.m in Sources */,
				2A6C74001BB19EEE00D52FB2 /* luntanController.m in Sources */,
				2A342DBD1BEDDF4200433800 /* Dongtaizan+CoreDataProperties.m in Sources */,
				2A342E181BF336C400433800 /* bianjigerenzhiliaoController.m in Sources */,
				2A9E9C571BE745180097EFCE /* fadongtaiController.m in Sources */,
				2A342D731BE9DC6B00433800 /* AFURLResponseSerialization.m in Sources */,
				2AA5D9A01C3E06BD00346E5A /* LCFont.m in Sources */,
				2AE065411BAAE77900F25453 /* NavigatationController.m in Sources */,
				2A62395A1BD0AE2F00E8D1F8 /* Yidenglu.m in Sources */,
				2A342D6D1BE9DC6B00433800 /* AFHTTPRequestOperationManager.m in Sources */,
				2A342D751BE9DC6B00433800 /* CMainPageTabBarController.m in Sources */,
				2A78AA421C06AB7300BB1E24 /* Dongtai.m in Sources */,
				2A78AA2A1C05925900BB1E24 /* Userzhanghu.m in Sources */,
				2AE065591BAAED7200F25453 /* MainWorkController.m in Sources */,
				2A342D721BE9DC6B00433800 /* AFURLRequestSerialization.m in Sources */,
				2A342D551BE9D8FD00433800 /* weiboshouquanController.m in Sources */,
				2A6C73FD1BB1814600D52FB2 /* FriendController.m in Sources */,
				2A78AA401C06AB7300BB1E24 /* Tiezis.m in Sources */,
				2A6C73FA1BB1811B00D52FB2 /* InformationController.m in Sources */,
				2A6239591BD0AE2F00E8D1F8 /* Yidenglu+CoreDataProperties.m in Sources */,
				2A23C03E1BD8C9A30002DE36 /* shetuanController.m in Sources */,
				2AE065651BAAEE0000F25453 /* NewFeatureController.m in Sources */,
				2A9E9BD31BDFA5A60097EFCE /* DandutieziController.m in Sources */,
				2A342D741BE9DC6B00433800 /* AFURLSessionManager.m in Sources */,
				2A342D6E1BE9DC6B00433800 /* AFHTTPSessionManager.m in Sources */,
				2A6E504F1BA55D4800A39482 /* AppDelegate.m in Sources */,
				2A78AA291C05925900BB1E24 /* Userzhanghu+CoreDataProperties.m in Sources */,
				2A6E50951BA8629E00A39482 /* RegisterController.m in Sources */,
				2A78AA411C06AB7300BB1E24 /* Dongtai+CoreDataProperties.m in Sources */,
				2A6E504C1BA55D4800A39482 /* main.m in Sources */,
				2A342D9D1BEB318500433800 /* weibocanshu.m in Sources */,
				2A9E9BCA1BDF9A020097EFCE /* fatieViewController.m in Sources */,
				2AA5D9A11C3E06BD00346E5A /* UIUtil.m in Sources */,
			);
			runOnlyForDeploymentPostprocessing = 0;
		};
		2A6E505E1BA55D4800A39482 /* Sources */ = {
			isa = PBXSourcesBuildPhase;
			buildActionMask = 2147483647;
			files = (
				2A6E50691BA55D4800A39482 /* ____1_2Tests.m in Sources */,
			);
			runOnlyForDeploymentPostprocessing = 0;
		};
/* End PBXSourcesBuildPhase section */

/* Begin PBXTargetDependency section */
		2A6E50641BA55D4800A39482 /* PBXTargetDependency */ = {
			isa = PBXTargetDependency;
			target = 2A6E50451BA55D4800A39482 /* 我的项目1.2 */;
			targetProxy = 2A6E50631BA55D4800A39482 /* PBXContainerItemProxy */;
		};
/* End PBXTargetDependency section */

/* Begin PBXVariantGroup section */
		2A6E50561BA55D4800A39482 /* Main.storyboard */ = {
			isa = PBXVariantGroup;
			children = (
				2A6E50571BA55D4800A39482 /* Base */,
			);
			name = Main.storyboard;
			sourceTree = "<group>";
		};
		2A6E505B1BA55D4800A39482 /* LaunchScreen.xib */ = {
			isa = PBXVariantGroup;
			children = (
				2A6E505C1BA55D4800A39482 /* Base */,
			);
			name = LaunchScreen.xib;
			sourceTree = "<group>";
		};
/* End PBXVariantGroup section */

/* Begin XCBuildConfiguration section */
		2A6E506A1BA55D4800A39482 /* Debug */ = {
			isa = XCBuildConfiguration;
			buildSettings = {
				ALWAYS_SEARCH_USER_PATHS = NO;
				CLANG_CXX_LANGUAGE_STANDARD = "gnu++0x";
				CLANG_CXX_LIBRARY = "libc++";
				CLANG_ENABLE_MODULES = YES;
				CLANG_ENABLE_OBJC_ARC = YES;
				CLANG_WARN_BOOL_CONVERSION = YES;
				CLANG_WARN_CONSTANT_CONVERSION = YES;
				CLANG_WARN_DIRECT_OBJC_ISA_USAGE = YES_ERROR;
				CLANG_WARN_EMPTY_BODY = YES;
				CLANG_WARN_ENUM_CONVERSION = YES;
				CLANG_WARN_INT_CONVERSION = YES;
				CLANG_WARN_OBJC_ROOT_CLASS = YES_ERROR;
				CLANG_WARN_UNREACHABLE_CODE = YES;
				CLANG_WARN__DUPLICATE_METHOD_MATCH = YES;
				"CODE_SIGN_IDENTITY[sdk=iphoneos*]" = "iPhone Developer";
				COPY_PHASE_STRIP = NO;
				DEBUG_INFORMATION_FORMAT = "dwarf-with-dsym";
				ENABLE_STRICT_OBJC_MSGSEND = YES;
				ENABLE_TESTABILITY = YES;
				GCC_C_LANGUAGE_STANDARD = gnu99;
				GCC_DYNAMIC_NO_PIC = NO;
				GCC_NO_COMMON_BLOCKS = YES;
				GCC_OPTIMIZATION_LEVEL = 0;
				GCC_PRECOMPILE_PREFIX_HEADER = YES;
				GCC_PREFIX_HEADER = "${SRCROOT}/我的项目1.2/PrefixHeader.pch";
				GCC_PREPROCESSOR_DEFINITIONS = (
					"DEBUG=1",
					"$(inherited)",
				);
				GCC_SYMBOLS_PRIVATE_EXTERN = NO;
				GCC_WARN_64_TO_32_BIT_CONVERSION = YES;
				GCC_WARN_ABOUT_RETURN_TYPE = YES_ERROR;
				GCC_WARN_UNDECLARED_SELECTOR = YES;
				GCC_WARN_UNINITIALIZED_AUTOS = YES_AGGRESSIVE;
				GCC_WARN_UNUSED_FUNCTION = YES;
				GCC_WARN_UNUSED_VARIABLE = YES;
				IPHONEOS_DEPLOYMENT_TARGET = 9.0;
				MTL_ENABLE_DEBUG_INFO = YES;
				ONLY_ACTIVE_ARCH = YES;
				SDKROOT = iphoneos;
			};
			name = Debug;
		};
		2A6E506B1BA55D4800A39482 /* Release */ = {
			isa = XCBuildConfiguration;
			buildSettings = {
				ALWAYS_SEARCH_USER_PATHS = NO;
				CLANG_CXX_LANGUAGE_STANDARD = "gnu++0x";
				CLANG_CXX_LIBRARY = "libc++";
				CLANG_ENABLE_MODULES = YES;
				CLANG_ENABLE_OBJC_ARC = YES;
				CLANG_WARN_BOOL_CONVERSION = YES;
				CLANG_WARN_CONSTANT_CONVERSION = YES;
				CLANG_WARN_DIRECT_OBJC_ISA_USAGE = YES_ERROR;
				CLANG_WARN_EMPTY_BODY = YES;
				CLANG_WARN_ENUM_CONVERSION = YES;
				CLANG_WARN_INT_CONVERSION = YES;
				CLANG_WARN_OBJC_ROOT_CLASS = YES_ERROR;
				CLANG_WARN_UNREACHABLE_CODE = YES;
				CLANG_WARN__DUPLICATE_METHOD_MATCH = YES;
				"CODE_SIGN_IDENTITY[sdk=iphoneos*]" = "iPhone Developer";
				COPY_PHASE_STRIP = NO;
				DEBUG_INFORMATION_FORMAT = "dwarf-with-dsym";
				ENABLE_NS_ASSERTIONS = NO;
				ENABLE_STRICT_OBJC_MSGSEND = YES;
				GCC_C_LANGUAGE_STANDARD = gnu99;
				GCC_NO_COMMON_BLOCKS = YES;
				GCC_PRECOMPILE_PREFIX_HEADER = YES;
				GCC_PREFIX_HEADER = "${SRCROOT}/我的项目1.2/PrefixHeader.pch";
				GCC_WARN_64_TO_32_BIT_CONVERSION = YES;
				GCC_WARN_ABOUT_RETURN_TYPE = YES_ERROR;
				GCC_WARN_UNDECLARED_SELECTOR = YES;
				GCC_WARN_UNINITIALIZED_AUTOS = YES_AGGRESSIVE;
				GCC_WARN_UNUSED_FUNCTION = YES;
				GCC_WARN_UNUSED_VARIABLE = YES;
				IPHONEOS_DEPLOYMENT_TARGET = 9.0;
				MTL_ENABLE_DEBUG_INFO = NO;
				SDKROOT = iphoneos;
				VALIDATE_PRODUCT = YES;
			};
			name = Release;
		};
		2A6E506D1BA55D4800A39482 /* Debug */ = {
			isa = XCBuildConfiguration;
			buildSettings = {
				ASSETCATALOG_COMPILER_APPICON_NAME = AppIcon;
				CODE_SIGN_IDENTITY = "iPhone Developer";
				FRAMEWORK_SEARCH_PATHS = (
					"$(inherited)",
					"$(PROJECT_DIR)",
				);
				INFOPLIST_FILE = "我的项目1.2/Info.plist";
				LD_RUNPATH_SEARCH_PATHS = "$(inherited) @executable_path/Frameworks";
				LIBRARY_SEARCH_PATHS = (
					"$(inherited)",
					"$(PROJECT_DIR)/EaseMobSDK/lib",
					"$(PROJECT_DIR)",
				);
				"OTHER_LDFLAGS[arch=*]" = "-ObjC";
				PRODUCT_BUNDLE_IDENTIFIER = "-.$(PRODUCT_NAME:rfc1034identifier)";
				PRODUCT_NAME = "$(TARGET_NAME)";
			};
			name = Debug;
		};
		2A6E506E1BA55D4800A39482 /* Release */ = {
			isa = XCBuildConfiguration;
			buildSettings = {
				ASSETCATALOG_COMPILER_APPICON_NAME = AppIcon;
				CODE_SIGN_IDENTITY = "iPhone Developer";
				FRAMEWORK_SEARCH_PATHS = (
					"$(inherited)",
					"$(PROJECT_DIR)",
				);
				INFOPLIST_FILE = "我的项目1.2/Info.plist";
				LD_RUNPATH_SEARCH_PATHS = "$(inherited) @executable_path/Frameworks";
				LIBRARY_SEARCH_PATHS = (
					"$(inherited)",
					"$(PROJECT_DIR)/EaseMobSDK/lib",
					"$(PROJECT_DIR)",
				);
				"OTHER_LDFLAGS[arch=*]" = "-ObjC";
				PRODUCT_BUNDLE_IDENTIFIER = "-.$(PRODUCT_NAME:rfc1034identifier)";
				PRODUCT_NAME = "$(TARGET_NAME)";
			};
			name = Release;
		};
		2A6E50701BA55D4800A39482 /* Debug */ = {
			isa = XCBuildConfiguration;
			buildSettings = {
				BUNDLE_LOADER = "$(TEST_HOST)";
				FRAMEWORK_SEARCH_PATHS = (
					"$(SDKROOT)/Developer/Library/Frameworks",
					"$(inherited)",
				);
				GCC_PREPROCESSOR_DEFINITIONS = (
					"DEBUG=1",
					"$(inherited)",
				);
				INFOPLIST_FILE = "我的项目1.2Tests/Info.plist";
				LD_RUNPATH_SEARCH_PATHS = "$(inherited) @executable_path/Frameworks @loader_path/Frameworks";
				PRODUCT_BUNDLE_IDENTIFIER = "-.$(PRODUCT_NAME:rfc1034identifier)";
				PRODUCT_NAME = "$(TARGET_NAME)";
				TEST_HOST = "$(BUILT_PRODUCTS_DIR)/我的项目1.2.app/我的项目1.2";
			};
			name = Debug;
		};
		2A6E50711BA55D4800A39482 /* Release */ = {
			isa = XCBuildConfiguration;
			buildSettings = {
				BUNDLE_LOADER = "$(TEST_HOST)";
				FRAMEWORK_SEARCH_PATHS = (
					"$(SDKROOT)/Developer/Library/Frameworks",
					"$(inherited)",
				);
				INFOPLIST_FILE = "我的项目1.2Tests/Info.plist";
				LD_RUNPATH_SEARCH_PATHS = "$(inherited) @executable_path/Frameworks @loader_path/Frameworks";
				PRODUCT_BUNDLE_IDENTIFIER = "-.$(PRODUCT_NAME:rfc1034identifier)";
				PRODUCT_NAME = "$(TARGET_NAME)";
				TEST_HOST = "$(BUILT_PRODUCTS_DIR)/我的项目1.2.app/我的项目1.2";
			};
			name = Release;
		};
/* End XCBuildConfiguration section */

/* Begin XCConfigurationList section */
		2A6E50411BA55D4800A39482 /* Build configuration list for PBXProject "我的项目1.2" */ = {
			isa = XCConfigurationList;
			buildConfigurations = (
				2A6E506A1BA55D4800A39482 /* Debug */,
				2A6E506B1BA55D4800A39482 /* Release */,
			);
			defaultConfigurationIsVisible = 0;
			defaultConfigurationName = Release;
		};
		2A6E506C1BA55D4800A39482 /* Build configuration list for PBXNativeTarget "我的项目1.2" */ = {
			isa = XCConfigurationList;
			buildConfigurations = (
				2A6E506D1BA55D4800A39482 /* Debug */,
				2A6E506E1BA55D4800A39482 /* Release */,
			);
			defaultConfigurationIsVisible = 0;
			defaultConfigurationName = Release;
		};
		2A6E506F1BA55D4800A39482 /* Build configuration list for PBXNativeTarget "我的项目1.2Tests" */ = {
			isa = XCConfigurationList;
			buildConfigurations = (
				2A6E50701BA55D4800A39482 /* Debug */,
				2A6E50711BA55D4800A39482 /* Release */,
			);
			defaultConfigurationIsVisible = 0;
			defaultConfigurationName = Release;
		};
/* End XCConfigurationList section */

/* Begin XCVersionGroup section */
		2A6E50501BA55D4800A39482 /* ____1_2.xcdatamodeld */ = {
			isa = XCVersionGroup;
			children = (
				2A6E50511BA55D4800A39482 /* ____1_2.xcdatamodel */,
			);
			currentVersion = 2A6E50511BA55D4800A39482 /* ____1_2.xcdatamodel */;
			path = "____1_2.xcdatamodeld";
			sourceTree = "<group>";
			versionGroupType = wrapper.xcdatamodel;
		};
/* End XCVersionGroup section */
	};
	rootObject = 2A6E503E1BA55D4800A39482 /* Project object */;
}
